<?xml version="1.0" encoding="utf-8"?>
<Project ToolsVersion="4.0" xmlns="http://schemas.microsoft.com/developer/msbuild/2003">
  <ItemGroup>
    <Filter Include="Source Files">
      <UniqueIdentifier>{5ebc12de-8e30-41dc-8086-759c3231251a}</UniqueIdentifier>
      <Extensions>cpp;c;cxx;rc;def;r;odl;idl;hpj;bat</Extensions>
    </Filter>
    <Filter Include="Source Files\Quantizers">
      <UniqueIdentifier>{372bae92-ea30-44c4-b528-a354bf7f08be}</UniqueIdentifier>
    </Filter>
    <Filter Include="Source Files\Conversion">
      <UniqueIdentifier>{bf3bdc91-7105-4a7d-bd77-dd15fce9f509}</UniqueIdentifier>
    </Filter>
    <Filter Include="Source Files\Plugins">
      <UniqueIdentifier>{393ae845-42fe-4a70-8ddc-a8065a0a0c8e}</UniqueIdentifier>
    </Filter>
    <Filter Include="Source Files\DeprecationMgr">
      <UniqueIdentifier>{bb56fac3-2b37-4ccc-b593-f9aa9945c95a}</UniqueIdentifier>
    </Filter>
    <Filter Include="Source Files\MultiPaging">
      <UniqueIdentifier>{6a369376-f38e-4766-86f5-0ebb34ae0e0d}</UniqueIdentifier>
    </Filter>
    <Filter Include="Source Files\Metadata">
      <UniqueIdentifier>{681cc32e-1bf1-4e49-a3f2-a573328ec501}</UniqueIdentifier>
    </Filter>
    <Filter Include="Header Files">
      <UniqueIdentifier>{41820ddd-8f52-44f9-941c-d57b298b55da}</UniqueIdentifier>
      <Extensions>h;hpp;hxx;hm;inl</Extensions>
    </Filter>
    <Filter Include="Toolkit Files">
      <UniqueIdentifier>{2d68770d-b8b6-4cf6-a2da-8e30eba89a41}</UniqueIdentifier>
    </Filter>
  </ItemGroup>
  <ItemGroup>
    <ClCompile Include="..\FreeImage\BitmapAccess.cpp">
      <Filter>Source Files</Filter>
    </ClCompile>
    <ClCompile Include="..\FreeImage\ColorLookup.cpp">
      <Filter>Source Files</Filter>
    </ClCompile>
    <ClCompile Include="..\FreeImage\FreeImage.cpp">
      <Filter>Source Files</Filter>
    </ClCompile>
    <ClCompile Include="..\FreeImage\FreeImageIO.cpp">
      <Filter>Source Files</Filter>
    </ClCompile>
    <ClCompile Include="..\FreeImage\GetType.cpp">
      <Filter>Source Files</Filter>
    </ClCompile>
    <ClCompile Include="..\FreeImage\MemoryIO.cpp">
      <Filter>Source Files</Filter>
    </ClCompile>
    <ClCompile Include="..\FreeImage\PixelAccess.cpp">
      <Filter>Source Files</Filter>
    </ClCompile>
    <ClCompile Include="..\FreeImage\NNQuantizer.cpp">
      <Filter>Source Files\Quantizers</Filter>
    </ClCompile>
    <ClCompile Include="..\FreeImage\WuQuantizer.cpp">
      <Filter>Source Files\Quantizers</Filter>
    </ClCompile>
    <ClCompile Include="..\FreeImage\Conversion.cpp">
      <Filter>Source Files\Conversion</Filter>
    </ClCompile>
    <ClCompile Include="..\FreeImage\Conversion16_555.cpp">
      <Filter>Source Files\Conversion</Filter>
    </ClCompile>
    <ClCompile Include="..\FreeImage\Conversion16_565.cpp">
      <Filter>Source Files\Conversion</Filter>
    </ClCompile>
    <ClCompile Include="..\FreeImage\Conversion24.cpp">
      <Filter>Source Files\Conversion</Filter>
    </ClCompile>
    <ClCompile Include="..\FreeImage\Conversion32.cpp">
      <Filter>Source Files\Conversion</Filter>
    </ClCompile>
    <ClCompile Include="..\FreeImage\Conversion4.cpp">
      <Filter>Source Files\Conversion</Filter>
    </ClCompile>
    <ClCompile Include="..\FreeImage\Conversion8.cpp">
      <Filter>Source Files\Conversion</Filter>
    </ClCompile>
    <ClCompile Include="..\FreeImage\ConversionFloat.cpp">
      <Filter>Source Files\Conversion</Filter>
    </ClCompile>
    <ClCompile Include="..\FreeImage\ConversionRGB16.cpp">
      <Filter>Source Files\Conversion</Filter>
    </ClCompile>
    <ClCompile Include="..\FreeImage\ConversionRGBF.cpp">
      <Filter>Source Files\Conversion</Filter>
    </ClCompile>
    <ClCompile Include="..\FreeImage\ConversionType.cpp">
      <Filter>Source Files\Conversion</Filter>
    </ClCompile>
    <ClCompile Include="..\FreeImage\ConversionUINT16.cpp">
      <Filter>Source Files\Conversion</Filter>
    </ClCompile>
    <ClCompile Include="..\FreeImage\Halftoning.cpp">
      <Filter>Source Files\Conversion</Filter>
    </ClCompile>
    <ClCompile Include="..\FreeImage\tmoColorConvert.cpp">
      <Filter>Source Files\Conversion</Filter>
    </ClCompile>
    <ClCompile Include="..\FreeImage\tmoDrago03.cpp">
      <Filter>Source Files\Conversion</Filter>
    </ClCompile>
    <ClCompile Include="..\FreeImage\tmoFattal02.cpp">
      <Filter>Source Files\Conversion</Filter>
    </ClCompile>
    <ClCompile Include="..\FreeImage\tmoReinhard05.cpp">
      <Filter>Source Files\Conversion</Filter>
    </ClCompile>
    <ClCompile Include="..\FreeImage\ToneMapping.cpp">
      <Filter>Source Files\Conversion</Filter>
    </ClCompile>
    <ClCompile Include="..\FreeImage\J2KHelper.cpp">
      <Filter>Source Files\Plugins</Filter>
    </ClCompile>
    <ClCompile Include="..\FreeImage\MNGHelper.cpp">
      <Filter>Source Files\Plugins</Filter>
    </ClCompile>
    <ClCompile Include="..\FreeImage\Plugin.cpp">
      <Filter>Source Files\Plugins</Filter>
    </ClCompile>
    <ClCompile Include="..\FreeImage\PluginBMP.cpp">
      <Filter>Source Files\Plugins</Filter>
    </ClCompile>
    <ClCompile Include="..\FreeImage\PluginCUT.cpp">
      <Filter>Source Files\Plugins</Filter>
    </ClCompile>
    <ClCompile Include="..\FreeImage\PluginDDS.cpp">
      <Filter>Source Files\Plugins</Filter>
    </ClCompile>
    <ClCompile Include="..\FreeImage\PluginEXR.cpp">
      <Filter>Source Files\Plugins</Filter>
    </ClCompile>
    <ClCompile Include="..\FreeImage\PluginG3.cpp">
      <Filter>Source Files\Plugins</Filter>
    </ClCompile>
    <ClCompile Include="..\FreeImage\PluginGIF.cpp">
      <Filter>Source Files\Plugins</Filter>
    </ClCompile>
    <ClCompile Include="..\FreeImage\PluginHDR.cpp">
      <Filter>Source Files\Plugins</Filter>
    </ClCompile>
    <ClCompile Include="..\FreeImage\PluginICO.cpp">
      <Filter>Source Files\Plugins</Filter>
    </ClCompile>
    <ClCompile Include="..\FreeImage\PluginIFF.cpp">
      <Filter>Source Files\Plugins</Filter>
    </ClCompile>
    <ClCompile Include="..\FreeImage\PluginJ2K.cpp">
      <Filter>Source Files\Plugins</Filter>
    </ClCompile>
    <ClCompile Include="..\FreeImage\PluginJNG.cpp">
      <Filter>Source Files\Plugins</Filter>
    </ClCompile>
    <ClCompile Include="..\FreeImage\PluginJP2.cpp">
      <Filter>Source Files\Plugins</Filter>
    </ClCompile>
    <ClCompile Include="..\FreeImage\PluginJPEG.cpp">
      <Filter>Source Files\Plugins</Filter>
    </ClCompile>
    <ClCompile Include="..\FreeImage\PluginKOALA.cpp">
      <Filter>Source Files\Plugins</Filter>
    </ClCompile>
    <ClCompile Include="..\FreeImage\PluginMNG.cpp">
      <Filter>Source Files\Plugins</Filter>
    </ClCompile>
    <ClCompile Include="..\FreeImage\PluginPCD.cpp">
      <Filter>Source Files\Plugins</Filter>
    </ClCompile>
    <ClCompile Include="..\FreeImage\PluginPCX.cpp">
      <Filter>Source Files\Plugins</Filter>
    </ClCompile>
    <ClCompile Include="..\FreeImage\PluginPFM.cpp">
      <Filter>Source Files\Plugins</Filter>
    </ClCompile>
    <ClCompile Include="..\FreeImage\PluginPICT.cpp">
      <Filter>Source Files\Plugins</Filter>
    </ClCompile>
    <ClCompile Include="..\FreeImage\PluginPNG.cpp">
      <Filter>Source Files\Plugins</Filter>
    </ClCompile>
    <ClCompile Include="..\FreeImage\PluginPNM.cpp">
      <Filter>Source Files\Plugins</Filter>
    </ClCompile>
    <ClCompile Include="..\FreeImage\PluginPSD.cpp">
      <Filter>Source Files\Plugins</Filter>
    </ClCompile>
    <ClCompile Include="..\FreeImage\PluginRAS.cpp">
      <Filter>Source Files\Plugins</Filter>
    </ClCompile>
    <ClCompile Include="..\FreeImage\PluginRAW.cpp">
      <Filter>Source Files\Plugins</Filter>
    </ClCompile>
    <ClCompile Include="..\FreeImage\PluginSGI.cpp">
      <Filter>Source Files\Plugins</Filter>
    </ClCompile>
    <ClCompile Include="..\FreeImage\PluginTARGA.cpp">
      <Filter>Source Files\Plugins</Filter>
    </ClCompile>
    <ClCompile Include="..\FreeImage\PluginTIFF.cpp">
      <Filter>Source Files\Plugins</Filter>
    </ClCompile>
    <ClCompile Include="..\FreeImage\PluginWBMP.cpp">
      <Filter>Source Files\Plugins</Filter>
    </ClCompile>
    <ClCompile Include="..\FreeImage\PluginXBM.cpp">
      <Filter>Source Files\Plugins</Filter>
    </ClCompile>
    <ClCompile Include="..\FreeImage\PluginXPM.cpp">
      <Filter>Source Files\Plugins</Filter>
    </ClCompile>
    <ClCompile Include="..\FreeImage\PSDParser.cpp">
      <Filter>Source Files\Plugins</Filter>
    </ClCompile>
    <ClCompile Include="..\FreeImage\TIFFLogLuv.cpp">
      <Filter>Source Files\Plugins</Filter>
    </ClCompile>
    <ClCompile Include="..\DeprecationManager\Deprecated.cpp">
      <Filter>Source Files\DeprecationMgr</Filter>
    </ClCompile>
    <ClCompile Include="..\DeprecationManager\DeprecationMgr.cpp">
      <Filter>Source Files\DeprecationMgr</Filter>
    </ClCompile>
    <ClCompile Include="..\FreeImage\CacheFile.cpp">
      <Filter>Source Files\MultiPaging</Filter>
    </ClCompile>
    <ClCompile Include="..\FreeImage\MultiPage.cpp">
      <Filter>Source Files\MultiPaging</Filter>
    </ClCompile>
    <ClCompile Include="..\FreeImage\ZLibInterface.cpp">
      <Filter>Source Files\MultiPaging</Filter>
    </ClCompile>
    <ClCompile Include="..\Metadata\Exif.cpp">
      <Filter>Source Files\Metadata</Filter>
    </ClCompile>
    <ClCompile Include="..\Metadata\FIRational.cpp">
      <Filter>Source Files\Metadata</Filter>
    </ClCompile>
    <ClCompile Include="..\Metadata\FreeImageTag.cpp">
      <Filter>Source Files\Metadata</Filter>
    </ClCompile>
    <ClCompile Include="..\Metadata\IPTC.cpp">
      <Filter>Source Files\Metadata</Filter>
    </ClCompile>
    <ClCompile Include="..\Metadata\TagConversion.cpp">
      <Filter>Source Files\Metadata</Filter>
    </ClCompile>
    <ClCompile Include="..\Metadata\TagLib.cpp">
      <Filter>Source Files\Metadata</Filter>
    </ClCompile>
    <ClCompile Include="..\Metadata\XTIFF.cpp">
      <Filter>Source Files\Metadata</Filter>
    </ClCompile>
    <ClCompile Include="..\FreeImageToolkit\Background.cpp">
      <Filter>Toolkit Files</Filter>
    </ClCompile>
    <ClCompile Include="..\FreeImageToolkit\BSplineRotate.cpp">
      <Filter>Toolkit Files</Filter>
    </ClCompile>
    <ClCompile Include="..\FreeImageToolkit\Channels.cpp">
      <Filter>Toolkit Files</Filter>
    </ClCompile>
    <ClCompile Include="..\FreeImageToolkit\ClassicRotate.cpp">
      <Filter>Toolkit Files</Filter>
    </ClCompile>
    <ClCompile Include="..\FreeImageToolkit\Colors.cpp">
      <Filter>Toolkit Files</Filter>
    </ClCompile>
    <ClCompile Include="..\FreeImageToolkit\CopyPaste.cpp">
      <Filter>Toolkit Files</Filter>
    </ClCompile>
    <ClCompile Include="..\FreeImageToolkit\Display.cpp">
      <Filter>Toolkit Files</Filter>
    </ClCompile>
    <ClCompile Include="..\FreeImageToolkit\Flip.cpp">
      <Filter>Toolkit Files</Filter>
    </ClCompile>
    <ClCompile Include="..\FreeImageToolkit\JPEGTransform.cpp">
      <Filter>Toolkit Files</Filter>
    </ClCompile>
    <ClCompile Include="..\FreeImageToolkit\MultigridPoissonSolver.cpp">
      <Filter>Toolkit Files</Filter>
    </ClCompile>
    <ClCompile Include="..\FreeImageToolkit\Rescale.cpp">
      <Filter>Toolkit Files</Filter>
    </ClCompile>
    <ClCompile Include="..\FreeImageToolkit\Resize.cpp">
      <Filter>Toolkit Files</Filter>
    </ClCompile>
  </ItemGroup>
  <ItemGroup>
    <ClInclude Include="..\CacheFile.h">
      <Filter>Header Files</Filter>
    </ClInclude>
    <ClInclude Include="..\DeprecationManager\DeprecationMgr.h">
      <Filter>Header Files</Filter>
    </ClInclude>
    <ClInclude Include="..\Metadata\FIRational.h">
      <Filter>Header Files</Filter>
    </ClInclude>
    <ClInclude Include="..\FreeImage.h">
      <Filter>Header Files</Filter>
    </ClInclude>
    <ClInclude Include="..\FreeImageIO.h">
      <Filter>Header Files</Filter>
    </ClInclude>
    <ClInclude Include="..\Metadata\FreeImageTag.h">
      <Filter>Header Files</Filter>
    </ClInclude>
    <ClInclude Include="..\Plugin.h">
      <Filter>Header Files</Filter>
    </ClInclude>
    <ClInclude Include="..\FreeImage\PSDParser.h">
      <Filter>Header Files</Filter>
    </ClInclude>
    <ClInclude Include="..\Quantizers.h">
      <Filter>Header Files</Filter>
    </ClInclude>
    <ClInclude Include="..\ToneMapping.h">
      <Filter>Header Files</Filter>
    </ClInclude>
    <ClInclude Include="..\Utilities.h">
      <Filter>Header Files</Filter>
    </ClInclude>
    <ClInclude Include="..\FreeImageToolkit\Resize.h">
      <Filter>Toolkit Files</Filter>
    </ClInclude>
  </ItemGroup>
  <ItemGroup>
    <Text Include="..\..\Whatsnew.txt" />
  </ItemGroup>
</Project>