<?xml version="1.0" encoding="utf-8"?>
<Project ToolsVersion="4.0" xmlns="http://schemas.microsoft.com/developer/msbuild/2003">
  <ItemGroup>
    <Filter Include="Resource">
      <UniqueIdentifier>{86f91c86-996a-44ce-9788-2e7142ab5170}</UniqueIdentifier>
    </Filter>
    <Filter Include="OpenGL">
      <UniqueIdentifier>{1f3b3692-0843-4118-9728-9257b6ef4663}</UniqueIdentifier>
    </Filter>
    <Filter Include="OpenGL\Player">
      <UniqueIdentifier>{06c32088-ac6b-46e7-8ba1-a6b152c3f830}</UniqueIdentifier>
    </Filter>
    <Filter Include="Logic">
      <UniqueIdentifier>{12a79a64-5741-4591-9800-8fd94d47b23a}</UniqueIdentifier>
    </Filter>
    <Filter Include="Resource\FreeImage">
      <UniqueIdentifier>{ebaf4d9e-9107-4902-a002-2c7a3f5e769b}</UniqueIdentifier>
    </Filter>
    <Filter Include="MarxObject">
      <UniqueIdentifier>{78d84f0c-7304-4287-a372-16144ffe32e7}</UniqueIdentifier>
    </Filter>
    <Filter Include="MarxObject\AttacehAble">
      <UniqueIdentifier>{c973ccbe-9f27-45d8-8128-e7cdef19fc86}</UniqueIdentifier>
    </Filter>
    <Filter Include="MarxObject\AttacehAble\LuaScript">
      <UniqueIdentifier>{1247e54d-221a-4407-b944-d0aec5f5577a}</UniqueIdentifier>
    </Filter>
    <Filter Include="Logic\EventLisener">
      <UniqueIdentifier>{79dd7e43-7d4c-4ff2-9ecc-de7fa2cd1430}</UniqueIdentifier>
    </Filter>
    <Filter Include="Utill">
      <UniqueIdentifier>{d8a669b9-fb4f-4084-8549-a450322ba2a2}</UniqueIdentifier>
    </Filter>
    <Filter Include="MarxObject\Object">
      <UniqueIdentifier>{513852ef-8fe8-4e5f-bc7e-169d9dca51bf}</UniqueIdentifier>
    </Filter>
    <Filter Include="MarxObject\Object\Model">
      <UniqueIdentifier>{aea783cb-5d0a-42ef-8b2a-403e678d56e5}</UniqueIdentifier>
    </Filter>
    <Filter Include="MarxObject\Object\Model\Piece">
      <UniqueIdentifier>{8d620f0c-e17f-47e6-9ca7-f1fdcf4bb8eb}</UniqueIdentifier>
    </Filter>
    <Filter Include="MarxObject\Object\Model\Md2">
      <UniqueIdentifier>{32b93540-640a-4b13-9c84-336291331850}</UniqueIdentifier>
    </Filter>
    <Filter Include="MarxObject\Object\Manager">
      <UniqueIdentifier>{56091030-ae9f-45e3-883b-9e3c0d354700}</UniqueIdentifier>
    </Filter>
    <Filter Include="MarxLua">
      <UniqueIdentifier>{5991752d-5ea1-4503-8a76-54e8ec897c1b}</UniqueIdentifier>
    </Filter>
    <Filter Include="RenderEngine">
      <UniqueIdentifier>{f75bc5b5-7de9-40f0-9c64-756f942a55f8}</UniqueIdentifier>
    </Filter>
    <Filter Include="RenderEngine\DataClass">
      <UniqueIdentifier>{dee4992f-8005-4bea-b44e-7009a11f673e}</UniqueIdentifier>
    </Filter>
    <Filter Include="RenderEngine\Animation">
      <UniqueIdentifier>{dad8409e-2cdb-486a-9cf2-03b0e0865742}</UniqueIdentifier>
    </Filter>
    <Filter Include="RenderEngine\BaseControl">
      <UniqueIdentifier>{1d1d76f9-0325-4eb9-8e0d-60dbd849c208}</UniqueIdentifier>
    </Filter>
    <Filter Include="RenderEngine\Interface">
      <UniqueIdentifier>{37d42ee1-7a62-417a-b776-9f9bea88b597}</UniqueIdentifier>
    </Filter>
    <Filter Include="RenderEngine\Stage">
      <UniqueIdentifier>{d0db2933-ed26-4cbe-8011-a356758eb419}</UniqueIdentifier>
    </Filter>
    <Filter Include="RenderEngine\BaseControl\UI">
      <UniqueIdentifier>{99a2ee3d-e7fc-467e-a9d3-2525a1abef0d}</UniqueIdentifier>
    </Filter>
    <Filter Include="RenderEngine\BaseControl\UI\Contaner">
      <UniqueIdentifier>{4017c991-649a-4478-b9cb-98ed8d846d24}</UniqueIdentifier>
    </Filter>
    <Filter Include="RenderEngine\BaseControl\UI\CutomObject">
      <UniqueIdentifier>{f818c3c2-4632-4cec-9be3-2344eef128ff}</UniqueIdentifier>
    </Filter>
    <Filter Include="RenderEngine\Stage\Sceen">
      <UniqueIdentifier>{57d48e66-94c9-464d-9db6-7f927f819016}</UniqueIdentifier>
    </Filter>
    <Filter Include="RenderEngine\Stage\RootUI">
      <UniqueIdentifier>{b60832b0-8dce-4dc5-8dc3-466c1d2c3203}</UniqueIdentifier>
    </Filter>
    <Filter Include="OpenGL\Player\Utill">
      <UniqueIdentifier>{efdef005-6396-4519-b688-909b3a5cf168}</UniqueIdentifier>
    </Filter>
  </ItemGroup>
  <ItemGroup>
    <ClInclude Include="Md2Model.h">
      <Filter>MarxObject\Object\Model\Md2</Filter>
    </ClInclude>
    <ClInclude Include="Opengl2md2.h">
      <Filter>OpenGL</Filter>
    </ClInclude>
    <ClInclude Include="Image.h">
      <Filter>Resource</Filter>
    </ClInclude>
    <ClInclude Include="Texture.h">
      <Filter>Resource</Filter>
    </ClInclude>
    <ClInclude Include="DataManager.h">
      <Filter>Resource</Filter>
    </ClInclude>
    <ClInclude Include="TextureManager.h">
      <Filter>Resource</Filter>
    </ClInclude>
    <ClInclude Include="CommonDataType.h" />
    <ClInclude Include="Anorms.h" />
    <ClInclude Include="PieceModel.h">
      <Filter>MarxObject\Object\Model\Piece</Filter>
    </ClInclude>
    <ClInclude Include="Md2Object.h">
      <Filter>MarxObject\Object</Filter>
    </ClInclude>
    <ClInclude Include="ModelInterface.h">
      <Filter>MarxObject\Object\Model</Filter>
    </ClInclude>
    <ClInclude Include="..\Common\VolkesInterface.h" />
    <ClInclude Include="ProjectLoader.h">
      <Filter>Logic</Filter>
    </ClInclude>
    <ClInclude Include="..\Externallib\FreeImage\Dist\FreeImage.h">
      <Filter>Resource\FreeImage</Filter>
    </ClInclude>
    <ClInclude Include="..\Externallib\FreeImage\Examples\OpenGL\TextureManager\TextureManager.h">
      <Filter>Resource\FreeImage</Filter>
    </ClInclude>
    <ClInclude Include="MashManager.h">
      <Filter>MarxObject\Object\Model</Filter>
    </ClInclude>
    <ClInclude Include="LuaScriptAttached.h">
      <Filter>MarxObject\AttacehAble\LuaScript</Filter>
    </ClInclude>
    <ClInclude Include="MarxObject.h">
      <Filter>MarxObject</Filter>
    </ClInclude>
    <ClInclude Include="AttacheAble.h">
      <Filter>MarxObject\AttacehAble</Filter>
    </ClInclude>
    <ClInclude Include="Eventlistener.h">
      <Filter>Logic\EventLisener</Filter>
    </ClInclude>
    <ClInclude Include="ObjectManager.h">
      <Filter>MarxObject\Object\Manager</Filter>
    </ClInclude>
    <ClInclude Include="LuaManager.h">
      <Filter>MarxLua</Filter>
    </ClInclude>
    <ClInclude Include="MarxWorld.h">
      <Filter>OpenGL\Player</Filter>
    </ClInclude>
    <ClInclude Include="KardNameFactory.h">
      <Filter>RenderEngine</Filter>
    </ClInclude>
    <ClInclude Include="SoundManager.h">
      <Filter>RenderEngine</Filter>
    </ClInclude>
    <ClInclude Include="AtlasObj.h">
      <Filter>RenderEngine\DataClass</Filter>
    </ClInclude>
    <ClInclude Include="ImageLoader.h">
      <Filter>RenderEngine\DataClass</Filter>
    </ClInclude>
    <ClInclude Include="Animation.h">
      <Filter>RenderEngine\Animation</Filter>
    </ClInclude>
    <ClInclude Include="defAnimations.h">
      <Filter>RenderEngine\Animation</Filter>
    </ClInclude>
    <ClInclude Include="PointF.h">
      <Filter>RenderEngine\DataClass</Filter>
    </ClInclude>
    <ClInclude Include="Point.h">
      <Filter>RenderEngine\DataClass</Filter>
    </ClInclude>
    <ClInclude Include="Quad.h">
      <Filter>RenderEngine\BaseControl</Filter>
    </ClInclude>
    <ClInclude Include="ClickEventArgs.h">
      <Filter>RenderEngine\BaseControl</Filter>
    </ClInclude>
    <ClInclude Include="MotionEvent.h">
      <Filter>RenderEngine\BaseControl</Filter>
    </ClInclude>
    <ClInclude Include="ExGameGraphicInfo.h">
      <Filter>RenderEngine</Filter>
    </ClInclude>
    <ClInclude Include="IEventHandler.h">
      <Filter>RenderEngine\Interface</Filter>
    </ClInclude>
    <ClInclude Include="AnimatinonBase.h">
      <Filter>RenderEngine\BaseControl</Filter>
    </ClInclude>
    <ClInclude Include="UIBase.h">
      <Filter>RenderEngine\Interface</Filter>
    </ClInclude>
    <ClInclude Include="StageManager.h">
      <Filter>RenderEngine\Stage</Filter>
    </ClInclude>
    <ClInclude Include="IContainer.h">
      <Filter>RenderEngine\BaseControl\UI\Contaner</Filter>
    </ClInclude>
    <ClInclude Include="GridBar.h">
      <Filter>RenderEngine\BaseControl\UI\Contaner</Filter>
    </ClInclude>
    <ClInclude Include="Grid.h">
      <Filter>RenderEngine\BaseControl\UI\Contaner</Filter>
    </ClInclude>
    <ClInclude Include="Penal.h">
      <Filter>RenderEngine\BaseControl\UI\Contaner</Filter>
    </ClInclude>
    <ClInclude Include="ImageControl.h">
      <Filter>RenderEngine\BaseControl\UI</Filter>
    </ClInclude>
    <ClInclude Include="IUIBase.h">
      <Filter>RenderEngine\Interface</Filter>
    </ClInclude>
    <ClInclude Include="GameStadiumScreen.h">
      <Filter>RenderEngine</Filter>
    </ClInclude>
    <ClInclude Include="IGameStage.h">
      <Filter>RenderEngine\Stage</Filter>
    </ClInclude>
    <ClInclude Include="Snumber.h">
      <Filter>RenderEngine\BaseControl\UI</Filter>
    </ClInclude>
    <ClInclude Include="KingControl.h">
      <Filter>RenderEngine\BaseControl\UI\CutomObject</Filter>
    </ClInclude>
    <ClInclude Include="Momo.h">
      <Filter>RenderEngine\BaseControl\UI\CutomObject</Filter>
    </ClInclude>
    <ClInclude Include="RootUI.h">
      <Filter>RenderEngine\Stage\RootUI</Filter>
    </ClInclude>
    <ClInclude Include="IRootUI.h">
      <Filter>RenderEngine\Stage\RootUI</Filter>
    </ClInclude>
    <ClInclude Include="MainScreen.h">
      <Filter>RenderEngine\Stage\Sceen</Filter>
    </ClInclude>
    <ClInclude Include="ObjectNumberingMananger.h">
      <Filter>Utill</Filter>
    </ClInclude>
    <ClInclude Include="CXBOXController.h">
      <Filter>Utill</Filter>
    </ClInclude>
    <ClInclude Include="XBoxControllerManager.h">
      <Filter>Utill</Filter>
    </ClInclude>
    <ClInclude Include="InGameUI.h">
      <Filter>RenderEngine\Stage\Sceen</Filter>
    </ClInclude>
    <ClInclude Include="LoadingScreen.h">
      <Filter>RenderEngine\Stage\Sceen</Filter>
    </ClInclude>
    <ClInclude Include="ViewCamera.h">
      <Filter>OpenGL\Player</Filter>
    </ClInclude>
    <ClInclude Include="EyeMouseMove.h">
      <Filter>OpenGL\Player\Utill</Filter>
    </ClInclude>
    <ClInclude Include="CollisionMapCreater.h">
      <Filter>OpenGL\Player\Utill</Filter>
    </ClInclude>
    <ClInclude Include="CollisionMap.h">
      <Filter>OpenGL\Player\Utill</Filter>
    </ClInclude>
    <ClInclude Include="triangulate.h">
      <Filter>Utill</Filter>
    </ClInclude>
  </ItemGroup>
  <ItemGroup>
    <ClCompile Include="Md2Model.cpp">
      <Filter>MarxObject\Object\Model\Md2</Filter>
    </ClCompile>
    <ClCompile Include="Opengl2md2.cpp">
      <Filter>OpenGL</Filter>
    </ClCompile>
    <ClCompile Include="Image.cpp">
      <Filter>Resource</Filter>
    </ClCompile>
    <ClCompile Include="Texture.cpp">
      <Filter>Resource</Filter>
    </ClCompile>
    <ClCompile Include="PieceModel.cpp">
      <Filter>MarxObject\Object\Model\Piece</Filter>
    </ClCompile>
    <ClCompile Include="Md2Object.cpp">
      <Filter>MarxObject\Object</Filter>
    </ClCompile>
    <ClCompile Include="ProjectLoader.cpp">
      <Filter>Logic</Filter>
    </ClCompile>
    <ClCompile Include="..\Externallib\FreeImage\Examples\OpenGL\TextureManager\TextureManager.cpp">
      <Filter>Resource\FreeImage</Filter>
    </ClCompile>
    <ClCompile Include="MashManager.cpp">
      <Filter>MarxObject\Object\Model</Filter>
    </ClCompile>
    <ClCompile Include="MarxObject.cpp">
      <Filter>MarxObject</Filter>
    </ClCompile>
    <ClCompile Include="AttacheAble.cpp">
      <Filter>MarxObject\AttacehAble</Filter>
    </ClCompile>
    <ClCompile Include="LuaScriptAttached.cpp">
      <Filter>MarxObject\AttacehAble\LuaScript</Filter>
    </ClCompile>
    <ClCompile Include="ObjectManager.cpp">
      <Filter>MarxObject\Object\Manager</Filter>
    </ClCompile>
    <ClCompile Include="Stringformat.h">
      <Filter>Utill</Filter>
    </ClCompile>
    <ClCompile Include="LuaManager.cpp">
      <Filter>MarxLua</Filter>
    </ClCompile>
    <ClCompile Include="MarxWorld.cpp">
      <Filter>OpenGL\Player</Filter>
    </ClCompile>
    <ClCompile Include="KardNameFactory.cpp">
      <Filter>RenderEngine</Filter>
    </ClCompile>
    <ClCompile Include="SoundManager.cpp">
      <Filter>RenderEngine</Filter>
    </ClCompile>
    <ClCompile Include="ImageLoader.cpp">
      <Filter>RenderEngine\DataClass</Filter>
    </ClCompile>
    <ClCompile Include="Animation.cpp">
      <Filter>RenderEngine\Animation</Filter>
    </ClCompile>
    <ClCompile Include="Quad.cpp">
      <Filter>RenderEngine\BaseControl</Filter>
    </ClCompile>
    <ClCompile Include="UIBase.cpp">
      <Filter>RenderEngine\Interface</Filter>
    </ClCompile>
    <ClCompile Include="ImageControl.cpp">
      <Filter>RenderEngine\BaseControl\UI</Filter>
    </ClCompile>
    <ClCompile Include="ExGameGraphicInfo.cpp">
      <Filter>RenderEngine</Filter>
    </ClCompile>
    <ClCompile Include="StageManager.cpp">
      <Filter>RenderEngine\Stage</Filter>
    </ClCompile>
    <ClCompile Include="KingControl.cpp">
      <Filter>RenderEngine\BaseControl\UI\CutomObject</Filter>
    </ClCompile>
    <ClCompile Include="RootUI.cpp">
      <Filter>RenderEngine\Stage\RootUI</Filter>
    </ClCompile>
    <ClCompile Include="Penal.cpp">
      <Filter>RenderEngine\BaseControl\UI\Contaner</Filter>
    </ClCompile>
    <ClCompile Include="MainScreen.cpp">
      <Filter>RenderEngine\Stage\Sceen</Filter>
    </ClCompile>
    <ClCompile Include="ObjectNumberingMananger.cpp">
      <Filter>Utill</Filter>
    </ClCompile>
    <ClCompile Include="AnimatinonBase.cpp">
      <Filter>RenderEngine\BaseControl</Filter>
    </ClCompile>
    <ClCompile Include="CXBOXController.cpp">
      <Filter>Utill</Filter>
    </ClCompile>
    <ClCompile Include="XBoxControllerManager.cpp">
      <Filter>Utill</Filter>
    </ClCompile>
    <ClCompile Include="InGameUI.cpp">
      <Filter>RenderEngine\Stage\Sceen</Filter>
    </ClCompile>
    <ClCompile Include="LoadingScreen.cpp">
      <Filter>RenderEngine\Stage\Sceen</Filter>
    </ClCompile>
    <ClCompile Include="ViewCamera.cpp">
      <Filter>OpenGL\Player</Filter>
    </ClCompile>
    <ClCompile Include="EyeMouseMove.cpp">
      <Filter>OpenGL\Player\Utill</Filter>
    </ClCompile>
    <ClCompile Include="CollisionMapCreater.cpp">
      <Filter>OpenGL\Player\Utill</Filter>
    </ClCompile>
    <ClCompile Include="CollisionMap.cpp">
      <Filter>OpenGL\Player\Utill</Filter>
    </ClCompile>
  </ItemGroup>
  <ItemGroup>
    <None Include="DataManager.inl">
      <Filter>Resource</Filter>
    </None>
  </ItemGroup>
</Project>