
Microsoft Visual Studio Solution File, Format Version 12.00
# Visual Studio 2012
Project("{2150E333-8FDC-42A3-9474-1A3956D46DE8}") = "Externallib", "Externallib", "{D83A93E1-41F7-4B03-8C19-13602E6A634C}"
EndProject
Project("{2150E333-8FDC-42A3-9474-1A3956D46DE8}") = "Tinyxml", "Tinyxml", "{47D2C46F-47C4-4D8E-B23A-0C21FE4C1548}"
EndProject
Project("{2150E333-8FDC-42A3-9474-1A3956D46DE8}") = "LUA", "LUA", "{75D00885-1CFE-4989-8081-83B8C22302A5}"
EndProject
Project("{2150E333-8FDC-42A3-9474-1A3956D46DE8}") = "LowGameEngine", "LowGameEngine", "{4BF0226C-9553-4B6F-9658-CF58A905637A}"
EndProject
Project("{2150E333-8FDC-42A3-9474-1A3956D46DE8}") = "HighGameEngine", "HighGameEngine", "{5DB59C89-67AD-479B-9363-6CC6C3CD148E}"
EndProject
Project("{FAE04EC0-301F-11D3-BF4B-00C04F79EFBC}") = "WPFOpenGLApp", "WPFOpenGLApp\WPFOpenGLApp.csproj", "{D5D6CE55-7332-491A-AD1A-E9941BC05F17}"
	ProjectSection(ProjectDependencies) = postProject
		{B691AD81-2EE3-4DEE-A762-50A15884C8D6} = {B691AD81-2EE3-4DEE-A762-50A15884C8D6}
		{ADBEA4B1-FF4D-490D-8E19-4BD0907D3680} = {ADBEA4B1-FF4D-490D-8E19-4BD0907D3680}
	EndProjectSection
EndProject
Project("{8BC9CEB8-8B4A-11D0-8D11-00A0C91BC942}") = "OpenGLManagedCpp", "OpenGLManagedCpp\OpenGLManagedCpp.vcxproj", "{A9FC4CE5-B87C-4AC4-A38D-CB46D5DBA326}"
	ProjectSection(ProjectDependencies) = postProject
		{9CD8593B-833A-48EC-B60F-7DAB7162847C} = {9CD8593B-833A-48EC-B60F-7DAB7162847C}
		{B691AD81-2EE3-4DEE-A762-50A15884C8D6} = {B691AD81-2EE3-4DEE-A762-50A15884C8D6}
		{C406DAEC-0886-4771-8DEA-9D7329B46CC1} = {C406DAEC-0886-4771-8DEA-9D7329B46CC1}
	EndProjectSection
EndProject
Project("{8BC9CEB8-8B4A-11D0-8D11-00A0C91BC942}") = "Opengl2Md2", "Opengl2Md2\Opengl2Md2.vcxproj", "{B691AD81-2EE3-4DEE-A762-50A15884C8D6}"
EndProject
Project("{8BC9CEB8-8B4A-11D0-8D11-00A0C91BC942}") = "tinyxml", "Externallib\tinyxml_2_6_2\tinyxml\tinyxml_lib.vcxproj", "{C406DAEC-0886-4771-8DEA-9D7329B46CC1}"
EndProject
Project("{FAE04EC0-301F-11D3-BF4B-00C04F79EFBC}") = "LogicTool", "LogicTool\LogicTool.csproj", "{ADBEA4B1-FF4D-490D-8E19-4BD0907D3680}"
EndProject
Project("{FAE04EC0-301F-11D3-BF4B-00C04F79EFBC}") = "MarxEngineTool", "MarxEngineTool\MarxEngineTool.csproj", "{CBC4F1C3-1136-48F2-95A6-FC9725FBF6F1}"
EndProject
Project("{2150E333-8FDC-42A3-9474-1A3956D46DE8}") = "FreeImage", "FreeImage", "{091E6A53-F3EE-4EE7-B867-BA14DEB79D2C}"
EndProject
Project("{FAE04EC0-301F-11D3-BF4B-00C04F79EFBC}") = "Library", "Externallib\FreeImage.NET.2005\Library\Library.csproj", "{6598A7CD-8F27-4D3F-A675-5AE63113A7C3}"
EndProject
Project("{8BC9CEB8-8B4A-11D0-8D11-00A0C91BC942}") = "MonStoneWin32", "MonStoneExport\OpenGltoMd2\OpenGltoMd2\OpenGltoMd2.vcxproj", "{219062BC-3E38-42D2-94AD-CD82814751F7}"
EndProject
Project("{8BC9CEB8-8B4A-11D0-8D11-00A0C91BC942}") = "Lua", "Lua\Lua.vcxproj", "{9CD8593B-833A-48EC-B60F-7DAB7162847C}"
EndProject
Project("{8BC9CEB8-8B4A-11D0-8D11-00A0C91BC942}") = "LuaPlus_VC8", "Externallib\LuaPlus_src\LuaPlus\LuaPlus_VC.vcxproj", "{1658EB2F-8E9F-4D28-85AC-633F0F4C82D4}"
EndProject
Project("{2150E333-8FDC-42A3-9474-1A3956D46DE8}") = "Notepad++", "Notepad++", "{4799DD15-8382-4066-94FA-1CEB0156DB1D}"
EndProject
Project("{8BC9CEB8-8B4A-11D0-8D11-00A0C91BC942}") = "NppPluginTemplate", "Notepadppplugin\NppPluginTemplate\NppPluginTemplate.vcxproj", "{1590D7CD-7D3A-4AB7-A355-EE02F7FB987D}"
EndProject
Global
	GlobalSection(SolutionConfigurationPlatforms) = preSolution
		ANSI Debug|Any CPU = ANSI Debug|Any CPU
		ANSI Debug|Mixed Platforms = ANSI Debug|Mixed Platforms
		ANSI Debug|Win32 = ANSI Debug|Win32
		ANSI Debug|x64 = ANSI Debug|x64
		ANSI Debug|x86 = ANSI Debug|x86
		ANSI Release|Any CPU = ANSI Release|Any CPU
		ANSI Release|Mixed Platforms = ANSI Release|Mixed Platforms
		ANSI Release|Win32 = ANSI Release|Win32
		ANSI Release|x64 = ANSI Release|x64
		ANSI Release|x86 = ANSI Release|x86
		Debug|Any CPU = Debug|Any CPU
		Debug|Mixed Platforms = Debug|Mixed Platforms
		Debug|Win32 = Debug|Win32
		Debug|x64 = Debug|x64
		Debug|x86 = Debug|x86
		Release|Any CPU = Release|Any CPU
		Release|Mixed Platforms = Release|Mixed Platforms
		Release|Win32 = Release|Win32
		Release|x64 = Release|x64
		Release|x86 = Release|x86
		Unicode Debug|Any CPU = Unicode Debug|Any CPU
		Unicode Debug|Mixed Platforms = Unicode Debug|Mixed Platforms
		Unicode Debug|Win32 = Unicode Debug|Win32
		Unicode Debug|x64 = Unicode Debug|x64
		Unicode Debug|x86 = Unicode Debug|x86
		Unicode Realeas|Any CPU = Unicode Realeas|Any CPU
		Unicode Realeas|Mixed Platforms = Unicode Realeas|Mixed Platforms
		Unicode Realeas|Win32 = Unicode Realeas|Win32
		Unicode Realeas|x64 = Unicode Realeas|x64
		Unicode Realeas|x86 = Unicode Realeas|x86
	EndGlobalSection
	GlobalSection(ProjectConfigurationPlatforms) = postSolution
		{D5D6CE55-7332-491A-AD1A-E9941BC05F17}.ANSI Debug|Any CPU.ActiveCfg = Debug|Any CPU
		{D5D6CE55-7332-491A-AD1A-E9941BC05F17}.ANSI Debug|Mixed Platforms.ActiveCfg = Debug|Any CPU
		{D5D6CE55-7332-491A-AD1A-E9941BC05F17}.ANSI Debug|Win32.ActiveCfg = Debug|Any CPU
		{D5D6CE55-7332-491A-AD1A-E9941BC05F17}.ANSI Debug|x64.ActiveCfg = Debug|Any CPU
		{D5D6CE55-7332-491A-AD1A-E9941BC05F17}.ANSI Debug|x86.ActiveCfg = Debug|Any CPU
		{D5D6CE55-7332-491A-AD1A-E9941BC05F17}.ANSI Release|Any CPU.ActiveCfg = Release|Any CPU
		{D5D6CE55-7332-491A-AD1A-E9941BC05F17}.ANSI Release|Mixed Platforms.ActiveCfg = Release|Any CPU
		{D5D6CE55-7332-491A-AD1A-E9941BC05F17}.ANSI Release|Win32.ActiveCfg = Release|Any CPU
		{D5D6CE55-7332-491A-AD1A-E9941BC05F17}.ANSI Release|x64.ActiveCfg = Release|Any CPU
		{D5D6CE55-7332-491A-AD1A-E9941BC05F17}.ANSI Release|x86.ActiveCfg = Release|Any CPU
		{D5D6CE55-7332-491A-AD1A-E9941BC05F17}.Debug|Any CPU.ActiveCfg = Debug|Any CPU
		{D5D6CE55-7332-491A-AD1A-E9941BC05F17}.Debug|Any CPU.Build.0 = Debug|Any CPU
		{D5D6CE55-7332-491A-AD1A-E9941BC05F17}.Debug|Mixed Platforms.ActiveCfg = Debug|Any CPU
		{D5D6CE55-7332-491A-AD1A-E9941BC05F17}.Debug|Mixed Platforms.Build.0 = Debug|Any CPU
		{D5D6CE55-7332-491A-AD1A-E9941BC05F17}.Debug|Win32.ActiveCfg = Debug|Any CPU
		{D5D6CE55-7332-491A-AD1A-E9941BC05F17}.Debug|x64.ActiveCfg = Debug|Any CPU
		{D5D6CE55-7332-491A-AD1A-E9941BC05F17}.Debug|x86.ActiveCfg = Debug|Any CPU
		{D5D6CE55-7332-491A-AD1A-E9941BC05F17}.Release|Any CPU.ActiveCfg = Release|Any CPU
		{D5D6CE55-7332-491A-AD1A-E9941BC05F17}.Release|Any CPU.Build.0 = Release|Any CPU
		{D5D6CE55-7332-491A-AD1A-E9941BC05F17}.Release|Mixed Platforms.ActiveCfg = Release|Any CPU
		{D5D6CE55-7332-491A-AD1A-E9941BC05F17}.Release|Mixed Platforms.Build.0 = Release|Any CPU
		{D5D6CE55-7332-491A-AD1A-E9941BC05F17}.Release|Win32.ActiveCfg = Release|Any CPU
		{D5D6CE55-7332-491A-AD1A-E9941BC05F17}.Release|x64.ActiveCfg = Release|Any CPU
		{D5D6CE55-7332-491A-AD1A-E9941BC05F17}.Release|x86.ActiveCfg = Release|Any CPU
		{D5D6CE55-7332-491A-AD1A-E9941BC05F17}.Unicode Debug|Any CPU.ActiveCfg = Debug|Any CPU
		{D5D6CE55-7332-491A-AD1A-E9941BC05F17}.Unicode Debug|Mixed Platforms.ActiveCfg = Debug|Any CPU
		{D5D6CE55-7332-491A-AD1A-E9941BC05F17}.Unicode Debug|Win32.ActiveCfg = Debug|Any CPU
		{D5D6CE55-7332-491A-AD1A-E9941BC05F17}.Unicode Debug|x64.ActiveCfg = Debug|Any CPU
		{D5D6CE55-7332-491A-AD1A-E9941BC05F17}.Unicode Debug|x86.ActiveCfg = Debug|Any CPU
		{D5D6CE55-7332-491A-AD1A-E9941BC05F17}.Unicode Realeas|Any CPU.ActiveCfg = Release|Any CPU
		{D5D6CE55-7332-491A-AD1A-E9941BC05F17}.Unicode Realeas|Mixed Platforms.ActiveCfg = Release|Any CPU
		{D5D6CE55-7332-491A-AD1A-E9941BC05F17}.Unicode Realeas|Win32.ActiveCfg = Release|Any CPU
		{D5D6CE55-7332-491A-AD1A-E9941BC05F17}.Unicode Realeas|x64.ActiveCfg = Release|Any CPU
		{D5D6CE55-7332-491A-AD1A-E9941BC05F17}.Unicode Realeas|x86.ActiveCfg = Release|Any CPU
		{A9FC4CE5-B87C-4AC4-A38D-CB46D5DBA326}.ANSI Debug|Any CPU.ActiveCfg = Debug|Win32
		{A9FC4CE5-B87C-4AC4-A38D-CB46D5DBA326}.ANSI Debug|Mixed Platforms.ActiveCfg = Debug|Win32
		{A9FC4CE5-B87C-4AC4-A38D-CB46D5DBA326}.ANSI Debug|Mixed Platforms.Build.0 = Debug|Win32
		{A9FC4CE5-B87C-4AC4-A38D-CB46D5DBA326}.ANSI Debug|Win32.ActiveCfg = Debug|Win32
		{A9FC4CE5-B87C-4AC4-A38D-CB46D5DBA326}.ANSI Debug|Win32.Build.0 = Debug|Win32
		{A9FC4CE5-B87C-4AC4-A38D-CB46D5DBA326}.ANSI Debug|x64.ActiveCfg = Debug|Win32
		{A9FC4CE5-B87C-4AC4-A38D-CB46D5DBA326}.ANSI Debug|x86.ActiveCfg = Debug|Win32
		{A9FC4CE5-B87C-4AC4-A38D-CB46D5DBA326}.ANSI Debug|x86.Build.0 = Debug|Win32
		{A9FC4CE5-B87C-4AC4-A38D-CB46D5DBA326}.ANSI Release|Any CPU.ActiveCfg = Release|Win32
		{A9FC4CE5-B87C-4AC4-A38D-CB46D5DBA326}.ANSI Release|Mixed Platforms.ActiveCfg = Release|Win32
		{A9FC4CE5-B87C-4AC4-A38D-CB46D5DBA326}.ANSI Release|Mixed Platforms.Build.0 = Release|Win32
		{A9FC4CE5-B87C-4AC4-A38D-CB46D5DBA326}.ANSI Release|Win32.ActiveCfg = Release|Win32
		{A9FC4CE5-B87C-4AC4-A38D-CB46D5DBA326}.ANSI Release|Win32.Build.0 = Release|Win32
		{A9FC4CE5-B87C-4AC4-A38D-CB46D5DBA326}.ANSI Release|x64.ActiveCfg = Release|Win32
		{A9FC4CE5-B87C-4AC4-A38D-CB46D5DBA326}.ANSI Release|x86.ActiveCfg = Release|Win32
		{A9FC4CE5-B87C-4AC4-A38D-CB46D5DBA326}.ANSI Release|x86.Build.0 = Release|Win32
		{A9FC4CE5-B87C-4AC4-A38D-CB46D5DBA326}.Debug|Any CPU.ActiveCfg = Debug|Win32
		{A9FC4CE5-B87C-4AC4-A38D-CB46D5DBA326}.Debug|Mixed Platforms.ActiveCfg = Debug|Win32
		{A9FC4CE5-B87C-4AC4-A38D-CB46D5DBA326}.Debug|Mixed Platforms.Build.0 = Debug|Win32
		{A9FC4CE5-B87C-4AC4-A38D-CB46D5DBA326}.Debug|Win32.ActiveCfg = Debug|Win32
		{A9FC4CE5-B87C-4AC4-A38D-CB46D5DBA326}.Debug|Win32.Build.0 = Debug|Win32
		{A9FC4CE5-B87C-4AC4-A38D-CB46D5DBA326}.Debug|x64.ActiveCfg = Debug|Win32
		{A9FC4CE5-B87C-4AC4-A38D-CB46D5DBA326}.Debug|x86.ActiveCfg = Debug|Win32
		{A9FC4CE5-B87C-4AC4-A38D-CB46D5DBA326}.Debug|x86.Build.0 = Debug|Win32
		{A9FC4CE5-B87C-4AC4-A38D-CB46D5DBA326}.Release|Any CPU.ActiveCfg = Release|Win32
		{A9FC4CE5-B87C-4AC4-A38D-CB46D5DBA326}.Release|Mixed Platforms.ActiveCfg = Release|Win32
		{A9FC4CE5-B87C-4AC4-A38D-CB46D5DBA326}.Release|Mixed Platforms.Build.0 = Release|Win32
		{A9FC4CE5-B87C-4AC4-A38D-CB46D5DBA326}.Release|Win32.ActiveCfg = Release|Win32
		{A9FC4CE5-B87C-4AC4-A38D-CB46D5DBA326}.Release|Win32.Build.0 = Release|Win32
		{A9FC4CE5-B87C-4AC4-A38D-CB46D5DBA326}.Release|x64.ActiveCfg = Release|Win32
		{A9FC4CE5-B87C-4AC4-A38D-CB46D5DBA326}.Release|x86.ActiveCfg = Release|Win32
		{A9FC4CE5-B87C-4AC4-A38D-CB46D5DBA326}.Release|x86.Build.0 = Release|Win32
		{A9FC4CE5-B87C-4AC4-A38D-CB46D5DBA326}.Unicode Debug|Any CPU.ActiveCfg = Debug|Win32
		{A9FC4CE5-B87C-4AC4-A38D-CB46D5DBA326}.Unicode Debug|Mixed Platforms.ActiveCfg = Debug|Win32
		{A9FC4CE5-B87C-4AC4-A38D-CB46D5DBA326}.Unicode Debug|Mixed Platforms.Build.0 = Debug|Win32
		{A9FC4CE5-B87C-4AC4-A38D-CB46D5DBA326}.Unicode Debug|Win32.ActiveCfg = Debug|Win32
		{A9FC4CE5-B87C-4AC4-A38D-CB46D5DBA326}.Unicode Debug|Win32.Build.0 = Debug|Win32
		{A9FC4CE5-B87C-4AC4-A38D-CB46D5DBA326}.Unicode Debug|x64.ActiveCfg = Debug|Win32
		{A9FC4CE5-B87C-4AC4-A38D-CB46D5DBA326}.Unicode Debug|x86.ActiveCfg = Debug|Win32
		{A9FC4CE5-B87C-4AC4-A38D-CB46D5DBA326}.Unicode Debug|x86.Build.0 = Debug|Win32
		{A9FC4CE5-B87C-4AC4-A38D-CB46D5DBA326}.Unicode Realeas|Any CPU.ActiveCfg = Release|Win32
		{A9FC4CE5-B87C-4AC4-A38D-CB46D5DBA326}.Unicode Realeas|Mixed Platforms.ActiveCfg = Release|Win32
		{A9FC4CE5-B87C-4AC4-A38D-CB46D5DBA326}.Unicode Realeas|Mixed Platforms.Build.0 = Release|Win32
		{A9FC4CE5-B87C-4AC4-A38D-CB46D5DBA326}.Unicode Realeas|Win32.ActiveCfg = Release|Win32
		{A9FC4CE5-B87C-4AC4-A38D-CB46D5DBA326}.Unicode Realeas|Win32.Build.0 = Release|Win32
		{A9FC4CE5-B87C-4AC4-A38D-CB46D5DBA326}.Unicode Realeas|x64.ActiveCfg = Release|Win32
		{A9FC4CE5-B87C-4AC4-A38D-CB46D5DBA326}.Unicode Realeas|x86.ActiveCfg = Release|Win32
		{A9FC4CE5-B87C-4AC4-A38D-CB46D5DBA326}.Unicode Realeas|x86.Build.0 = Release|Win32
		{B691AD81-2EE3-4DEE-A762-50A15884C8D6}.ANSI Debug|Any CPU.ActiveCfg = Debug|Win32
		{B691AD81-2EE3-4DEE-A762-50A15884C8D6}.ANSI Debug|Mixed Platforms.ActiveCfg = Debug|Win32
		{B691AD81-2EE3-4DEE-A762-50A15884C8D6}.ANSI Debug|Mixed Platforms.Build.0 = Debug|Win32
		{B691AD81-2EE3-4DEE-A762-50A15884C8D6}.ANSI Debug|Win32.ActiveCfg = Debug|Win32
		{B691AD81-2EE3-4DEE-A762-50A15884C8D6}.ANSI Debug|Win32.Build.0 = Debug|Win32
		{B691AD81-2EE3-4DEE-A762-50A15884C8D6}.ANSI Debug|x64.ActiveCfg = Debug|Win32
		{B691AD81-2EE3-4DEE-A762-50A15884C8D6}.ANSI Debug|x86.ActiveCfg = Debug|Win32
		{B691AD81-2EE3-4DEE-A762-50A15884C8D6}.ANSI Debug|x86.Build.0 = Debug|Win32
		{B691AD81-2EE3-4DEE-A762-50A15884C8D6}.ANSI Release|Any CPU.ActiveCfg = Release|Win32
		{B691AD81-2EE3-4DEE-A762-50A15884C8D6}.ANSI Release|Mixed Platforms.ActiveCfg = Release|Win32
		{B691AD81-2EE3-4DEE-A762-50A15884C8D6}.ANSI Release|Mixed Platforms.Build.0 = Release|Win32
		{B691AD81-2EE3-4DEE-A762-50A15884C8D6}.ANSI Release|Win32.ActiveCfg = Release|Win32
		{B691AD81-2EE3-4DEE-A762-50A15884C8D6}.ANSI Release|Win32.Build.0 = Release|Win32
		{B691AD81-2EE3-4DEE-A762-50A15884C8D6}.ANSI Release|x64.ActiveCfg = Release|Win32
		{B691AD81-2EE3-4DEE-A762-50A15884C8D6}.ANSI Release|x86.ActiveCfg = Release|Win32
		{B691AD81-2EE3-4DEE-A762-50A15884C8D6}.ANSI Release|x86.Build.0 = Release|Win32
		{B691AD81-2EE3-4DEE-A762-50A15884C8D6}.Debug|Any CPU.ActiveCfg = Debug|Win32
		{B691AD81-2EE3-4DEE-A762-50A15884C8D6}.Debug|Mixed Platforms.ActiveCfg = Debug|Win32
		{B691AD81-2EE3-4DEE-A762-50A15884C8D6}.Debug|Mixed Platforms.Build.0 = Debug|Win32
		{B691AD81-2EE3-4DEE-A762-50A15884C8D6}.Debug|Win32.ActiveCfg = Debug|Win32
		{B691AD81-2EE3-4DEE-A762-50A15884C8D6}.Debug|Win32.Build.0 = Debug|Win32
		{B691AD81-2EE3-4DEE-A762-50A15884C8D6}.Debug|x64.ActiveCfg = Debug|Win32
		{B691AD81-2EE3-4DEE-A762-50A15884C8D6}.Debug|x86.ActiveCfg = Debug|Win32
		{B691AD81-2EE3-4DEE-A762-50A15884C8D6}.Debug|x86.Build.0 = Debug|Win32
		{B691AD81-2EE3-4DEE-A762-50A15884C8D6}.Release|Any CPU.ActiveCfg = Release|Win32
		{B691AD81-2EE3-4DEE-A762-50A15884C8D6}.Release|Mixed Platforms.ActiveCfg = Release|Win32
		{B691AD81-2EE3-4DEE-A762-50A15884C8D6}.Release|Mixed Platforms.Build.0 = Release|Win32
		{B691AD81-2EE3-4DEE-A762-50A15884C8D6}.Release|Win32.ActiveCfg = Release|Win32
		{B691AD81-2EE3-4DEE-A762-50A15884C8D6}.Release|Win32.Build.0 = Release|Win32
		{B691AD81-2EE3-4DEE-A762-50A15884C8D6}.Release|x64.ActiveCfg = Release|Win32
		{B691AD81-2EE3-4DEE-A762-50A15884C8D6}.Release|x86.ActiveCfg = Release|Win32
		{B691AD81-2EE3-4DEE-A762-50A15884C8D6}.Release|x86.Build.0 = Release|Win32
		{B691AD81-2EE3-4DEE-A762-50A15884C8D6}.Unicode Debug|Any CPU.ActiveCfg = Debug|Win32
		{B691AD81-2EE3-4DEE-A762-50A15884C8D6}.Unicode Debug|Mixed Platforms.ActiveCfg = Debug|Win32
		{B691AD81-2EE3-4DEE-A762-50A15884C8D6}.Unicode Debug|Mixed Platforms.Build.0 = Debug|Win32
		{B691AD81-2EE3-4DEE-A762-50A15884C8D6}.Unicode Debug|Win32.ActiveCfg = Debug|Win32
		{B691AD81-2EE3-4DEE-A762-50A15884C8D6}.Unicode Debug|Win32.Build.0 = Debug|Win32
		{B691AD81-2EE3-4DEE-A762-50A15884C8D6}.Unicode Debug|x64.ActiveCfg = Debug|Win32
		{B691AD81-2EE3-4DEE-A762-50A15884C8D6}.Unicode Debug|x86.ActiveCfg = Debug|Win32
		{B691AD81-2EE3-4DEE-A762-50A15884C8D6}.Unicode Debug|x86.Build.0 = Debug|Win32
		{B691AD81-2EE3-4DEE-A762-50A15884C8D6}.Unicode Realeas|Any CPU.ActiveCfg = Release|Win32
		{B691AD81-2EE3-4DEE-A762-50A15884C8D6}.Unicode Realeas|Mixed Platforms.ActiveCfg = Release|Win32
		{B691AD81-2EE3-4DEE-A762-50A15884C8D6}.Unicode Realeas|Mixed Platforms.Build.0 = Release|Win32
		{B691AD81-2EE3-4DEE-A762-50A15884C8D6}.Unicode Realeas|Win32.ActiveCfg = Release|Win32
		{B691AD81-2EE3-4DEE-A762-50A15884C8D6}.Unicode Realeas|Win32.Build.0 = Release|Win32
		{B691AD81-2EE3-4DEE-A762-50A15884C8D6}.Unicode Realeas|x64.ActiveCfg = Release|Win32
		{B691AD81-2EE3-4DEE-A762-50A15884C8D6}.Unicode Realeas|x86.ActiveCfg = Release|Win32
		{B691AD81-2EE3-4DEE-A762-50A15884C8D6}.Unicode Realeas|x86.Build.0 = Release|Win32
		{C406DAEC-0886-4771-8DEA-9D7329B46CC1}.ANSI Debug|Any CPU.ActiveCfg = Debug|Win32
		{C406DAEC-0886-4771-8DEA-9D7329B46CC1}.ANSI Debug|Mixed Platforms.ActiveCfg = Debug|Win32
		{C406DAEC-0886-4771-8DEA-9D7329B46CC1}.ANSI Debug|Mixed Platforms.Build.0 = Debug|Win32
		{C406DAEC-0886-4771-8DEA-9D7329B46CC1}.ANSI Debug|Win32.ActiveCfg = Debug|Win32
		{C406DAEC-0886-4771-8DEA-9D7329B46CC1}.ANSI Debug|Win32.Build.0 = Debug|Win32
		{C406DAEC-0886-4771-8DEA-9D7329B46CC1}.ANSI Debug|x64.ActiveCfg = Debug|Win32
		{C406DAEC-0886-4771-8DEA-9D7329B46CC1}.ANSI Debug|x86.ActiveCfg = Debug|Win32
		{C406DAEC-0886-4771-8DEA-9D7329B46CC1}.ANSI Debug|x86.Build.0 = Debug|Win32
		{C406DAEC-0886-4771-8DEA-9D7329B46CC1}.ANSI Release|Any CPU.ActiveCfg = Release|Win32
		{C406DAEC-0886-4771-8DEA-9D7329B46CC1}.ANSI Release|Mixed Platforms.ActiveCfg = Release|Win32
		{C406DAEC-0886-4771-8DEA-9D7329B46CC1}.ANSI Release|Mixed Platforms.Build.0 = Release|Win32
		{C406DAEC-0886-4771-8DEA-9D7329B46CC1}.ANSI Release|Win32.ActiveCfg = Release|Win32
		{C406DAEC-0886-4771-8DEA-9D7329B46CC1}.ANSI Release|Win32.Build.0 = Release|Win32
		{C406DAEC-0886-4771-8DEA-9D7329B46CC1}.ANSI Release|x64.ActiveCfg = Release|Win32
		{C406DAEC-0886-4771-8DEA-9D7329B46CC1}.ANSI Release|x86.ActiveCfg = Release|Win32
		{C406DAEC-0886-4771-8DEA-9D7329B46CC1}.ANSI Release|x86.Build.0 = Release|Win32
		{C406DAEC-0886-4771-8DEA-9D7329B46CC1}.Debug|Any CPU.ActiveCfg = Debug|Win32
		{C406DAEC-0886-4771-8DEA-9D7329B46CC1}.Debug|Mixed Platforms.ActiveCfg = Debug|Win32
		{C406DAEC-0886-4771-8DEA-9D7329B46CC1}.Debug|Mixed Platforms.Build.0 = Debug|Win32
		{C406DAEC-0886-4771-8DEA-9D7329B46CC1}.Debug|Win32.ActiveCfg = Debug|Win32
		{C406DAEC-0886-4771-8DEA-9D7329B46CC1}.Debug|Win32.Build.0 = Debug|Win32
		{C406DAEC-0886-4771-8DEA-9D7329B46CC1}.Debug|x64.ActiveCfg = Debug|Win32
		{C406DAEC-0886-4771-8DEA-9D7329B46CC1}.Debug|x86.ActiveCfg = Debug|Win32
		{C406DAEC-0886-4771-8DEA-9D7329B46CC1}.Debug|x86.Build.0 = Debug|Win32
		{C406DAEC-0886-4771-8DEA-9D7329B46CC1}.Release|Any CPU.ActiveCfg = Release|Win32
		{C406DAEC-0886-4771-8DEA-9D7329B46CC1}.Release|Mixed Platforms.ActiveCfg = Release|Win32
		{C406DAEC-0886-4771-8DEA-9D7329B46CC1}.Release|Mixed Platforms.Build.0 = Release|Win32
		{C406DAEC-0886-4771-8DEA-9D7329B46CC1}.Release|Win32.ActiveCfg = Release|Win32
		{C406DAEC-0886-4771-8DEA-9D7329B46CC1}.Release|Win32.Build.0 = Release|Win32
		{C406DAEC-0886-4771-8DEA-9D7329B46CC1}.Release|x64.ActiveCfg = Release|Win32
		{C406DAEC-0886-4771-8DEA-9D7329B46CC1}.Release|x86.ActiveCfg = Release|Win32
		{C406DAEC-0886-4771-8DEA-9D7329B46CC1}.Release|x86.Build.0 = Release|Win32
		{C406DAEC-0886-4771-8DEA-9D7329B46CC1}.Unicode Debug|Any CPU.ActiveCfg = Debug|Win32
		{C406DAEC-0886-4771-8DEA-9D7329B46CC1}.Unicode Debug|Mixed Platforms.ActiveCfg = Debug|Win32
		{C406DAEC-0886-4771-8DEA-9D7329B46CC1}.Unicode Debug|Mixed Platforms.Build.0 = Debug|Win32
		{C406DAEC-0886-4771-8DEA-9D7329B46CC1}.Unicode Debug|Win32.ActiveCfg = Debug|Win32
		{C406DAEC-0886-4771-8DEA-9D7329B46CC1}.Unicode Debug|Win32.Build.0 = Debug|Win32
		{C406DAEC-0886-4771-8DEA-9D7329B46CC1}.Unicode Debug|x64.ActiveCfg = Debug|Win32
		{C406DAEC-0886-4771-8DEA-9D7329B46CC1}.Unicode Debug|x86.ActiveCfg = Debug|Win32
		{C406DAEC-0886-4771-8DEA-9D7329B46CC1}.Unicode Debug|x86.Build.0 = Debug|Win32
		{C406DAEC-0886-4771-8DEA-9D7329B46CC1}.Unicode Realeas|Any CPU.ActiveCfg = Release|Win32
		{C406DAEC-0886-4771-8DEA-9D7329B46CC1}.Unicode Realeas|Mixed Platforms.ActiveCfg = Release|Win32
		{C406DAEC-0886-4771-8DEA-9D7329B46CC1}.Unicode Realeas|Mixed Platforms.Build.0 = Release|Win32
		{C406DAEC-0886-4771-8DEA-9D7329B46CC1}.Unicode Realeas|Win32.ActiveCfg = Release|Win32
		{C406DAEC-0886-4771-8DEA-9D7329B46CC1}.Unicode Realeas|Win32.Build.0 = Release|Win32
		{C406DAEC-0886-4771-8DEA-9D7329B46CC1}.Unicode Realeas|x64.ActiveCfg = Release|Win32
		{C406DAEC-0886-4771-8DEA-9D7329B46CC1}.Unicode Realeas|x86.ActiveCfg = Release|Win32
		{C406DAEC-0886-4771-8DEA-9D7329B46CC1}.Unicode Realeas|x86.Build.0 = Release|Win32
		{ADBEA4B1-FF4D-490D-8E19-4BD0907D3680}.ANSI Debug|Any CPU.ActiveCfg = Debug|Any CPU
		{ADBEA4B1-FF4D-490D-8E19-4BD0907D3680}.ANSI Debug|Any CPU.Build.0 = Debug|Any CPU
		{ADBEA4B1-FF4D-490D-8E19-4BD0907D3680}.ANSI Debug|Mixed Platforms.ActiveCfg = Debug|Any CPU
		{ADBEA4B1-FF4D-490D-8E19-4BD0907D3680}.ANSI Debug|Mixed Platforms.Build.0 = Debug|Any CPU
		{ADBEA4B1-FF4D-490D-8E19-4BD0907D3680}.ANSI Debug|Win32.ActiveCfg = Debug|Any CPU
		{ADBEA4B1-FF4D-490D-8E19-4BD0907D3680}.ANSI Debug|x64.ActiveCfg = Debug|Any CPU
		{ADBEA4B1-FF4D-490D-8E19-4BD0907D3680}.ANSI Debug|x86.ActiveCfg = Debug|Any CPU
		{ADBEA4B1-FF4D-490D-8E19-4BD0907D3680}.ANSI Release|Any CPU.ActiveCfg = Release|Any CPU
		{ADBEA4B1-FF4D-490D-8E19-4BD0907D3680}.ANSI Release|Any CPU.Build.0 = Release|Any CPU
		{ADBEA4B1-FF4D-490D-8E19-4BD0907D3680}.ANSI Release|Mixed Platforms.ActiveCfg = Release|Any CPU
		{ADBEA4B1-FF4D-490D-8E19-4BD0907D3680}.ANSI Release|Mixed Platforms.Build.0 = Release|Any CPU
		{ADBEA4B1-FF4D-490D-8E19-4BD0907D3680}.ANSI Release|Win32.ActiveCfg = Release|Any CPU
		{ADBEA4B1-FF4D-490D-8E19-4BD0907D3680}.ANSI Release|x64.ActiveCfg = Release|Any CPU
		{ADBEA4B1-FF4D-490D-8E19-4BD0907D3680}.ANSI Release|x86.ActiveCfg = Release|Any CPU
		{ADBEA4B1-FF4D-490D-8E19-4BD0907D3680}.Debug|Any CPU.ActiveCfg = Debug|Any CPU
		{ADBEA4B1-FF4D-490D-8E19-4BD0907D3680}.Debug|Any CPU.Build.0 = Debug|Any CPU
		{ADBEA4B1-FF4D-490D-8E19-4BD0907D3680}.Debug|Mixed Platforms.ActiveCfg = Debug|Any CPU
		{ADBEA4B1-FF4D-490D-8E19-4BD0907D3680}.Debug|Mixed Platforms.Build.0 = Debug|Any CPU
		{ADBEA4B1-FF4D-490D-8E19-4BD0907D3680}.Debug|Win32.ActiveCfg = Debug|Any CPU
		{ADBEA4B1-FF4D-490D-8E19-4BD0907D3680}.Debug|x64.ActiveCfg = Debug|Any CPU
		{ADBEA4B1-FF4D-490D-8E19-4BD0907D3680}.Debug|x86.ActiveCfg = Debug|Any CPU
		{ADBEA4B1-FF4D-490D-8E19-4BD0907D3680}.Release|Any CPU.ActiveCfg = Release|Any CPU
		{ADBEA4B1-FF4D-490D-8E19-4BD0907D3680}.Release|Any CPU.Build.0 = Release|Any CPU
		{ADBEA4B1-FF4D-490D-8E19-4BD0907D3680}.Release|Mixed Platforms.ActiveCfg = Release|Any CPU
		{ADBEA4B1-FF4D-490D-8E19-4BD0907D3680}.Release|Mixed Platforms.Build.0 = Release|Any CPU
		{ADBEA4B1-FF4D-490D-8E19-4BD0907D3680}.Release|Win32.ActiveCfg = Release|Any CPU
		{ADBEA4B1-FF4D-490D-8E19-4BD0907D3680}.Release|x64.ActiveCfg = Release|Any CPU
		{ADBEA4B1-FF4D-490D-8E19-4BD0907D3680}.Release|x86.ActiveCfg = Release|Any CPU
		{ADBEA4B1-FF4D-490D-8E19-4BD0907D3680}.Unicode Debug|Any CPU.ActiveCfg = Debug|Any CPU
		{ADBEA4B1-FF4D-490D-8E19-4BD0907D3680}.Unicode Debug|Any CPU.Build.0 = Debug|Any CPU
		{ADBEA4B1-FF4D-490D-8E19-4BD0907D3680}.Unicode Debug|Mixed Platforms.ActiveCfg = Debug|Any CPU
		{ADBEA4B1-FF4D-490D-8E19-4BD0907D3680}.Unicode Debug|Mixed Platforms.Build.0 = Debug|Any CPU
		{ADBEA4B1-FF4D-490D-8E19-4BD0907D3680}.Unicode Debug|Win32.ActiveCfg = Debug|Any CPU
		{ADBEA4B1-FF4D-490D-8E19-4BD0907D3680}.Unicode Debug|x64.ActiveCfg = Debug|Any CPU
		{ADBEA4B1-FF4D-490D-8E19-4BD0907D3680}.Unicode Debug|x86.ActiveCfg = Debug|Any CPU
		{ADBEA4B1-FF4D-490D-8E19-4BD0907D3680}.Unicode Realeas|Any CPU.ActiveCfg = Release|Any CPU
		{ADBEA4B1-FF4D-490D-8E19-4BD0907D3680}.Unicode Realeas|Any CPU.Build.0 = Release|Any CPU
		{ADBEA4B1-FF4D-490D-8E19-4BD0907D3680}.Unicode Realeas|Mixed Platforms.ActiveCfg = Release|Any CPU
		{ADBEA4B1-FF4D-490D-8E19-4BD0907D3680}.Unicode Realeas|Mixed Platforms.Build.0 = Release|Any CPU
		{ADBEA4B1-FF4D-490D-8E19-4BD0907D3680}.Unicode Realeas|Win32.ActiveCfg = Release|Any CPU
		{ADBEA4B1-FF4D-490D-8E19-4BD0907D3680}.Unicode Realeas|x64.ActiveCfg = Release|Any CPU
		{ADBEA4B1-FF4D-490D-8E19-4BD0907D3680}.Unicode Realeas|x86.ActiveCfg = Release|Any CPU
		{CBC4F1C3-1136-48F2-95A6-FC9725FBF6F1}.ANSI Debug|Any CPU.ActiveCfg = Debug|Any CPU
		{CBC4F1C3-1136-48F2-95A6-FC9725FBF6F1}.ANSI Debug|Any CPU.Build.0 = Debug|Any CPU
		{CBC4F1C3-1136-48F2-95A6-FC9725FBF6F1}.ANSI Debug|Mixed Platforms.ActiveCfg = Debug|Any CPU
		{CBC4F1C3-1136-48F2-95A6-FC9725FBF6F1}.ANSI Debug|Mixed Platforms.Build.0 = Debug|Any CPU
		{CBC4F1C3-1136-48F2-95A6-FC9725FBF6F1}.ANSI Debug|Win32.ActiveCfg = Debug|Any CPU
		{CBC4F1C3-1136-48F2-95A6-FC9725FBF6F1}.ANSI Debug|x64.ActiveCfg = Debug|Any CPU
		{CBC4F1C3-1136-48F2-95A6-FC9725FBF6F1}.ANSI Debug|x86.ActiveCfg = Debug|Any CPU
		{CBC4F1C3-1136-48F2-95A6-FC9725FBF6F1}.ANSI Release|Any CPU.ActiveCfg = Release|Any CPU
		{CBC4F1C3-1136-48F2-95A6-FC9725FBF6F1}.ANSI Release|Any CPU.Build.0 = Release|Any CPU
		{CBC4F1C3-1136-48F2-95A6-FC9725FBF6F1}.ANSI Release|Mixed Platforms.ActiveCfg = Release|Any CPU
		{CBC4F1C3-1136-48F2-95A6-FC9725FBF6F1}.ANSI Release|Mixed Platforms.Build.0 = Release|Any CPU
		{CBC4F1C3-1136-48F2-95A6-FC9725FBF6F1}.ANSI Release|Win32.ActiveCfg = Release|Any CPU
		{CBC4F1C3-1136-48F2-95A6-FC9725FBF6F1}.ANSI Release|x64.ActiveCfg = Release|Any CPU
		{CBC4F1C3-1136-48F2-95A6-FC9725FBF6F1}.ANSI Release|x86.ActiveCfg = Release|Any CPU
		{CBC4F1C3-1136-48F2-95A6-FC9725FBF6F1}.Debug|Any CPU.ActiveCfg = Debug|Any CPU
		{CBC4F1C3-1136-48F2-95A6-FC9725FBF6F1}.Debug|Any CPU.Build.0 = Debug|Any CPU
		{CBC4F1C3-1136-48F2-95A6-FC9725FBF6F1}.Debug|Mixed Platforms.ActiveCfg = Debug|Any CPU
		{CBC4F1C3-1136-48F2-95A6-FC9725FBF6F1}.Debug|Mixed Platforms.Build.0 = Debug|Any CPU
		{CBC4F1C3-1136-48F2-95A6-FC9725FBF6F1}.Debug|Win32.ActiveCfg = Debug|Any CPU
		{CBC4F1C3-1136-48F2-95A6-FC9725FBF6F1}.Debug|x64.ActiveCfg = Debug|Any CPU
		{CBC4F1C3-1136-48F2-95A6-FC9725FBF6F1}.Debug|x86.ActiveCfg = Debug|Any CPU
		{CBC4F1C3-1136-48F2-95A6-FC9725FBF6F1}.Release|Any CPU.ActiveCfg = Release|Any CPU
		{CBC4F1C3-1136-48F2-95A6-FC9725FBF6F1}.Release|Any CPU.Build.0 = Release|Any CPU
		{CBC4F1C3-1136-48F2-95A6-FC9725FBF6F1}.Release|Mixed Platforms.ActiveCfg = Release|Any CPU
		{CBC4F1C3-1136-48F2-95A6-FC9725FBF6F1}.Release|Mixed Platforms.Build.0 = Release|Any CPU
		{CBC4F1C3-1136-48F2-95A6-FC9725FBF6F1}.Release|Win32.ActiveCfg = Release|Any CPU
		{CBC4F1C3-1136-48F2-95A6-FC9725FBF6F1}.Release|x64.ActiveCfg = Release|Any CPU
		{CBC4F1C3-1136-48F2-95A6-FC9725FBF6F1}.Release|x86.ActiveCfg = Release|Any CPU
		{CBC4F1C3-1136-48F2-95A6-FC9725FBF6F1}.Unicode Debug|Any CPU.ActiveCfg = Debug|Any CPU
		{CBC4F1C3-1136-48F2-95A6-FC9725FBF6F1}.Unicode Debug|Any CPU.Build.0 = Debug|Any CPU
		{CBC4F1C3-1136-48F2-95A6-FC9725FBF6F1}.Unicode Debug|Mixed Platforms.ActiveCfg = Debug|Any CPU
		{CBC4F1C3-1136-48F2-95A6-FC9725FBF6F1}.Unicode Debug|Mixed Platforms.Build.0 = Debug|Any CPU
		{CBC4F1C3-1136-48F2-95A6-FC9725FBF6F1}.Unicode Debug|Win32.ActiveCfg = Debug|Any CPU
		{CBC4F1C3-1136-48F2-95A6-FC9725FBF6F1}.Unicode Debug|x64.ActiveCfg = Debug|Any CPU
		{CBC4F1C3-1136-48F2-95A6-FC9725FBF6F1}.Unicode Debug|x86.ActiveCfg = Debug|Any CPU
		{CBC4F1C3-1136-48F2-95A6-FC9725FBF6F1}.Unicode Realeas|Any CPU.ActiveCfg = Release|Any CPU
		{CBC4F1C3-1136-48F2-95A6-FC9725FBF6F1}.Unicode Realeas|Any CPU.Build.0 = Release|Any CPU
		{CBC4F1C3-1136-48F2-95A6-FC9725FBF6F1}.Unicode Realeas|Mixed Platforms.ActiveCfg = Release|Any CPU
		{CBC4F1C3-1136-48F2-95A6-FC9725FBF6F1}.Unicode Realeas|Mixed Platforms.Build.0 = Release|Any CPU
		{CBC4F1C3-1136-48F2-95A6-FC9725FBF6F1}.Unicode Realeas|Win32.ActiveCfg = Release|Any CPU
		{CBC4F1C3-1136-48F2-95A6-FC9725FBF6F1}.Unicode Realeas|x64.ActiveCfg = Release|Any CPU
		{CBC4F1C3-1136-48F2-95A6-FC9725FBF6F1}.Unicode Realeas|x86.ActiveCfg = Release|Any CPU
		{6598A7CD-8F27-4D3F-A675-5AE63113A7C3}.ANSI Debug|Any CPU.ActiveCfg = Debug|Any CPU
		{6598A7CD-8F27-4D3F-A675-5AE63113A7C3}.ANSI Debug|Any CPU.Build.0 = Debug|Any CPU
		{6598A7CD-8F27-4D3F-A675-5AE63113A7C3}.ANSI Debug|Mixed Platforms.ActiveCfg = Debug|x86
		{6598A7CD-8F27-4D3F-A675-5AE63113A7C3}.ANSI Debug|Mixed Platforms.Build.0 = Debug|x86
		{6598A7CD-8F27-4D3F-A675-5AE63113A7C3}.ANSI Debug|Win32.ActiveCfg = Debug|x86
		{6598A7CD-8F27-4D3F-A675-5AE63113A7C3}.ANSI Debug|Win32.Build.0 = Debug|x86
		{6598A7CD-8F27-4D3F-A675-5AE63113A7C3}.ANSI Debug|x64.ActiveCfg = Debug|x64
		{6598A7CD-8F27-4D3F-A675-5AE63113A7C3}.ANSI Debug|x64.Build.0 = Debug|x64
		{6598A7CD-8F27-4D3F-A675-5AE63113A7C3}.ANSI Debug|x86.ActiveCfg = Debug|x86
		{6598A7CD-8F27-4D3F-A675-5AE63113A7C3}.ANSI Debug|x86.Build.0 = Debug|x86
		{6598A7CD-8F27-4D3F-A675-5AE63113A7C3}.ANSI Release|Any CPU.ActiveCfg = Release|Any CPU
		{6598A7CD-8F27-4D3F-A675-5AE63113A7C3}.ANSI Release|Any CPU.Build.0 = Release|Any CPU
		{6598A7CD-8F27-4D3F-A675-5AE63113A7C3}.ANSI Release|Mixed Platforms.ActiveCfg = Release|x86
		{6598A7CD-8F27-4D3F-A675-5AE63113A7C3}.ANSI Release|Mixed Platforms.Build.0 = Release|x86
		{6598A7CD-8F27-4D3F-A675-5AE63113A7C3}.ANSI Release|Win32.ActiveCfg = Release|x86
		{6598A7CD-8F27-4D3F-A675-5AE63113A7C3}.ANSI Release|Win32.Build.0 = Release|x86
		{6598A7CD-8F27-4D3F-A675-5AE63113A7C3}.ANSI Release|x64.ActiveCfg = Release|x64
		{6598A7CD-8F27-4D3F-A675-5AE63113A7C3}.ANSI Release|x64.Build.0 = Release|x64
		{6598A7CD-8F27-4D3F-A675-5AE63113A7C3}.ANSI Release|x86.ActiveCfg = Release|x86
		{6598A7CD-8F27-4D3F-A675-5AE63113A7C3}.ANSI Release|x86.Build.0 = Release|x86
		{6598A7CD-8F27-4D3F-A675-5AE63113A7C3}.Debug|Any CPU.ActiveCfg = Debug|Any CPU
		{6598A7CD-8F27-4D3F-A675-5AE63113A7C3}.Debug|Any CPU.Build.0 = Debug|Any CPU
		{6598A7CD-8F27-4D3F-A675-5AE63113A7C3}.Debug|Mixed Platforms.ActiveCfg = Debug|x86
		{6598A7CD-8F27-4D3F-A675-5AE63113A7C3}.Debug|Mixed Platforms.Build.0 = Debug|x86
		{6598A7CD-8F27-4D3F-A675-5AE63113A7C3}.Debug|Win32.ActiveCfg = Debug|x86
		{6598A7CD-8F27-4D3F-A675-5AE63113A7C3}.Debug|Win32.Build.0 = Debug|x86
		{6598A7CD-8F27-4D3F-A675-5AE63113A7C3}.Debug|x64.ActiveCfg = Debug|x64
		{6598A7CD-8F27-4D3F-A675-5AE63113A7C3}.Debug|x64.Build.0 = Debug|x64
		{6598A7CD-8F27-4D3F-A675-5AE63113A7C3}.Debug|x86.ActiveCfg = Debug|x86
		{6598A7CD-8F27-4D3F-A675-5AE63113A7C3}.Debug|x86.Build.0 = Debug|x86
		{6598A7CD-8F27-4D3F-A675-5AE63113A7C3}.Release|Any CPU.ActiveCfg = Release|Any CPU
		{6598A7CD-8F27-4D3F-A675-5AE63113A7C3}.Release|Any CPU.Build.0 = Release|Any CPU
		{6598A7CD-8F27-4D3F-A675-5AE63113A7C3}.Release|Mixed Platforms.ActiveCfg = Release|x86
		{6598A7CD-8F27-4D3F-A675-5AE63113A7C3}.Release|Mixed Platforms.Build.0 = Release|x86
		{6598A7CD-8F27-4D3F-A675-5AE63113A7C3}.Release|Win32.ActiveCfg = Release|x86
		{6598A7CD-8F27-4D3F-A675-5AE63113A7C3}.Release|Win32.Build.0 = Release|x86
		{6598A7CD-8F27-4D3F-A675-5AE63113A7C3}.Release|x64.ActiveCfg = Release|x64
		{6598A7CD-8F27-4D3F-A675-5AE63113A7C3}.Release|x64.Build.0 = Release|x64
		{6598A7CD-8F27-4D3F-A675-5AE63113A7C3}.Release|x86.ActiveCfg = Release|x86
		{6598A7CD-8F27-4D3F-A675-5AE63113A7C3}.Release|x86.Build.0 = Release|x86
		{6598A7CD-8F27-4D3F-A675-5AE63113A7C3}.Unicode Debug|Any CPU.ActiveCfg = Debug|Any CPU
		{6598A7CD-8F27-4D3F-A675-5AE63113A7C3}.Unicode Debug|Any CPU.Build.0 = Debug|Any CPU
		{6598A7CD-8F27-4D3F-A675-5AE63113A7C3}.Unicode Debug|Mixed Platforms.ActiveCfg = Debug|x86
		{6598A7CD-8F27-4D3F-A675-5AE63113A7C3}.Unicode Debug|Mixed Platforms.Build.0 = Debug|x86
		{6598A7CD-8F27-4D3F-A675-5AE63113A7C3}.Unicode Debug|Win32.ActiveCfg = Debug|x86
		{6598A7CD-8F27-4D3F-A675-5AE63113A7C3}.Unicode Debug|Win32.Build.0 = Debug|x86
		{6598A7CD-8F27-4D3F-A675-5AE63113A7C3}.Unicode Debug|x64.ActiveCfg = Debug|x64
		{6598A7CD-8F27-4D3F-A675-5AE63113A7C3}.Unicode Debug|x64.Build.0 = Debug|x64
		{6598A7CD-8F27-4D3F-A675-5AE63113A7C3}.Unicode Debug|x86.ActiveCfg = Debug|x86
		{6598A7CD-8F27-4D3F-A675-5AE63113A7C3}.Unicode Debug|x86.Build.0 = Debug|x86
		{6598A7CD-8F27-4D3F-A675-5AE63113A7C3}.Unicode Realeas|Any CPU.ActiveCfg = Release|Any CPU
		{6598A7CD-8F27-4D3F-A675-5AE63113A7C3}.Unicode Realeas|Any CPU.Build.0 = Release|Any CPU
		{6598A7CD-8F27-4D3F-A675-5AE63113A7C3}.Unicode Realeas|Mixed Platforms.ActiveCfg = Release|x86
		{6598A7CD-8F27-4D3F-A675-5AE63113A7C3}.Unicode Realeas|Mixed Platforms.Build.0 = Release|x86
		{6598A7CD-8F27-4D3F-A675-5AE63113A7C3}.Unicode Realeas|Win32.ActiveCfg = Release|x86
		{6598A7CD-8F27-4D3F-A675-5AE63113A7C3}.Unicode Realeas|Win32.Build.0 = Release|x86
		{6598A7CD-8F27-4D3F-A675-5AE63113A7C3}.Unicode Realeas|x64.ActiveCfg = Release|x64
		{6598A7CD-8F27-4D3F-A675-5AE63113A7C3}.Unicode Realeas|x64.Build.0 = Release|x64
		{6598A7CD-8F27-4D3F-A675-5AE63113A7C3}.Unicode Realeas|x86.ActiveCfg = Release|x86
		{6598A7CD-8F27-4D3F-A675-5AE63113A7C3}.Unicode Realeas|x86.Build.0 = Release|x86
		{219062BC-3E38-42D2-94AD-CD82814751F7}.ANSI Debug|Any CPU.ActiveCfg = Debug|Win32
		{219062BC-3E38-42D2-94AD-CD82814751F7}.ANSI Debug|Mixed Platforms.ActiveCfg = Debug|Win32
		{219062BC-3E38-42D2-94AD-CD82814751F7}.ANSI Debug|Mixed Platforms.Build.0 = Debug|Win32
		{219062BC-3E38-42D2-94AD-CD82814751F7}.ANSI Debug|Win32.ActiveCfg = Debug|Win32
		{219062BC-3E38-42D2-94AD-CD82814751F7}.ANSI Debug|Win32.Build.0 = Debug|Win32
		{219062BC-3E38-42D2-94AD-CD82814751F7}.ANSI Debug|x64.ActiveCfg = Debug|Win32
		{219062BC-3E38-42D2-94AD-CD82814751F7}.ANSI Debug|x86.ActiveCfg = Debug|Win32
		{219062BC-3E38-42D2-94AD-CD82814751F7}.ANSI Debug|x86.Build.0 = Debug|Win32
		{219062BC-3E38-42D2-94AD-CD82814751F7}.ANSI Release|Any CPU.ActiveCfg = Release|Win32
		{219062BC-3E38-42D2-94AD-CD82814751F7}.ANSI Release|Mixed Platforms.ActiveCfg = Release|Win32
		{219062BC-3E38-42D2-94AD-CD82814751F7}.ANSI Release|Mixed Platforms.Build.0 = Release|Win32
		{219062BC-3E38-42D2-94AD-CD82814751F7}.ANSI Release|Win32.ActiveCfg = Release|Win32
		{219062BC-3E38-42D2-94AD-CD82814751F7}.ANSI Release|Win32.Build.0 = Release|Win32
		{219062BC-3E38-42D2-94AD-CD82814751F7}.ANSI Release|x64.ActiveCfg = Release|Win32
		{219062BC-3E38-42D2-94AD-CD82814751F7}.ANSI Release|x86.ActiveCfg = Release|Win32
		{219062BC-3E38-42D2-94AD-CD82814751F7}.ANSI Release|x86.Build.0 = Release|Win32
		{219062BC-3E38-42D2-94AD-CD82814751F7}.Debug|Any CPU.ActiveCfg = Debug|Win32
		{219062BC-3E38-42D2-94AD-CD82814751F7}.Debug|Mixed Platforms.ActiveCfg = Debug|Win32
		{219062BC-3E38-42D2-94AD-CD82814751F7}.Debug|Mixed Platforms.Build.0 = Debug|Win32
		{219062BC-3E38-42D2-94AD-CD82814751F7}.Debug|Win32.ActiveCfg = Debug|Win32
		{219062BC-3E38-42D2-94AD-CD82814751F7}.Debug|Win32.Build.0 = Debug|Win32
		{219062BC-3E38-42D2-94AD-CD82814751F7}.Debug|x64.ActiveCfg = Debug|Win32
		{219062BC-3E38-42D2-94AD-CD82814751F7}.Debug|x86.ActiveCfg = Debug|Win32
		{219062BC-3E38-42D2-94AD-CD82814751F7}.Debug|x86.Build.0 = Debug|Win32
		{219062BC-3E38-42D2-94AD-CD82814751F7}.Release|Any CPU.ActiveCfg = Release|Win32
		{219062BC-3E38-42D2-94AD-CD82814751F7}.Release|Mixed Platforms.ActiveCfg = Release|Win32
		{219062BC-3E38-42D2-94AD-CD82814751F7}.Release|Mixed Platforms.Build.0 = Release|Win32
		{219062BC-3E38-42D2-94AD-CD82814751F7}.Release|Win32.ActiveCfg = Release|Win32
		{219062BC-3E38-42D2-94AD-CD82814751F7}.Release|Win32.Build.0 = Release|Win32
		{219062BC-3E38-42D2-94AD-CD82814751F7}.Release|x64.ActiveCfg = Release|Win32
		{219062BC-3E38-42D2-94AD-CD82814751F7}.Release|x86.ActiveCfg = Release|Win32
		{219062BC-3E38-42D2-94AD-CD82814751F7}.Release|x86.Build.0 = Release|Win32
		{219062BC-3E38-42D2-94AD-CD82814751F7}.Unicode Debug|Any CPU.ActiveCfg = Debug|Win32
		{219062BC-3E38-42D2-94AD-CD82814751F7}.Unicode Debug|Mixed Platforms.ActiveCfg = Debug|Win32
		{219062BC-3E38-42D2-94AD-CD82814751F7}.Unicode Debug|Mixed Platforms.Build.0 = Debug|Win32
		{219062BC-3E38-42D2-94AD-CD82814751F7}.Unicode Debug|Win32.ActiveCfg = Debug|Win32
		{219062BC-3E38-42D2-94AD-CD82814751F7}.Unicode Debug|Win32.Build.0 = Debug|Win32
		{219062BC-3E38-42D2-94AD-CD82814751F7}.Unicode Debug|x64.ActiveCfg = Debug|Win32
		{219062BC-3E38-42D2-94AD-CD82814751F7}.Unicode Debug|x86.ActiveCfg = Debug|Win32
		{219062BC-3E38-42D2-94AD-CD82814751F7}.Unicode Debug|x86.Build.0 = Debug|Win32
		{219062BC-3E38-42D2-94AD-CD82814751F7}.Unicode Realeas|Any CPU.ActiveCfg = Release|Win32
		{219062BC-3E38-42D2-94AD-CD82814751F7}.Unicode Realeas|Mixed Platforms.ActiveCfg = Release|Win32
		{219062BC-3E38-42D2-94AD-CD82814751F7}.Unicode Realeas|Mixed Platforms.Build.0 = Release|Win32
		{219062BC-3E38-42D2-94AD-CD82814751F7}.Unicode Realeas|Win32.ActiveCfg = Release|Win32
		{219062BC-3E38-42D2-94AD-CD82814751F7}.Unicode Realeas|Win32.Build.0 = Release|Win32
		{219062BC-3E38-42D2-94AD-CD82814751F7}.Unicode Realeas|x64.ActiveCfg = Release|Win32
		{219062BC-3E38-42D2-94AD-CD82814751F7}.Unicode Realeas|x86.ActiveCfg = Release|Win32
		{219062BC-3E38-42D2-94AD-CD82814751F7}.Unicode Realeas|x86.Build.0 = Release|Win32
		{9CD8593B-833A-48EC-B60F-7DAB7162847C}.ANSI Debug|Any CPU.ActiveCfg = Debug|Win32
		{9CD8593B-833A-48EC-B60F-7DAB7162847C}.ANSI Debug|Mixed Platforms.ActiveCfg = Debug|Win32
		{9CD8593B-833A-48EC-B60F-7DAB7162847C}.ANSI Debug|Mixed Platforms.Build.0 = Debug|Win32
		{9CD8593B-833A-48EC-B60F-7DAB7162847C}.ANSI Debug|Win32.ActiveCfg = Debug|Win32
		{9CD8593B-833A-48EC-B60F-7DAB7162847C}.ANSI Debug|Win32.Build.0 = Debug|Win32
		{9CD8593B-833A-48EC-B60F-7DAB7162847C}.ANSI Debug|x64.ActiveCfg = Debug|Win32
		{9CD8593B-833A-48EC-B60F-7DAB7162847C}.ANSI Debug|x86.ActiveCfg = Debug|Win32
		{9CD8593B-833A-48EC-B60F-7DAB7162847C}.ANSI Debug|x86.Build.0 = Debug|Win32
		{9CD8593B-833A-48EC-B60F-7DAB7162847C}.ANSI Release|Any CPU.ActiveCfg = Release|Win32
		{9CD8593B-833A-48EC-B60F-7DAB7162847C}.ANSI Release|Mixed Platforms.ActiveCfg = Release|Win32
		{9CD8593B-833A-48EC-B60F-7DAB7162847C}.ANSI Release|Mixed Platforms.Build.0 = Release|Win32
		{9CD8593B-833A-48EC-B60F-7DAB7162847C}.ANSI Release|Win32.ActiveCfg = Release|Win32
		{9CD8593B-833A-48EC-B60F-7DAB7162847C}.ANSI Release|Win32.Build.0 = Release|Win32
		{9CD8593B-833A-48EC-B60F-7DAB7162847C}.ANSI Release|x64.ActiveCfg = Release|Win32
		{9CD8593B-833A-48EC-B60F-7DAB7162847C}.ANSI Release|x86.ActiveCfg = Release|Win32
		{9CD8593B-833A-48EC-B60F-7DAB7162847C}.ANSI Release|x86.Build.0 = Release|Win32
		{9CD8593B-833A-48EC-B60F-7DAB7162847C}.Debug|Any CPU.ActiveCfg = Debug|Win32
		{9CD8593B-833A-48EC-B60F-7DAB7162847C}.Debug|Mixed Platforms.ActiveCfg = Debug|Win32
		{9CD8593B-833A-48EC-B60F-7DAB7162847C}.Debug|Mixed Platforms.Build.0 = Debug|Win32
		{9CD8593B-833A-48EC-B60F-7DAB7162847C}.Debug|Win32.ActiveCfg = Debug|Win32
		{9CD8593B-833A-48EC-B60F-7DAB7162847C}.Debug|Win32.Build.0 = Debug|Win32
		{9CD8593B-833A-48EC-B60F-7DAB7162847C}.Debug|x64.ActiveCfg = Debug|Win32
		{9CD8593B-833A-48EC-B60F-7DAB7162847C}.Debug|x86.ActiveCfg = Debug|Win32
		{9CD8593B-833A-48EC-B60F-7DAB7162847C}.Debug|x86.Build.0 = Debug|Win32
		{9CD8593B-833A-48EC-B60F-7DAB7162847C}.Release|Any CPU.ActiveCfg = Release|Win32
		{9CD8593B-833A-48EC-B60F-7DAB7162847C}.Release|Mixed Platforms.ActiveCfg = Release|Win32
		{9CD8593B-833A-48EC-B60F-7DAB7162847C}.Release|Mixed Platforms.Build.0 = Release|Win32
		{9CD8593B-833A-48EC-B60F-7DAB7162847C}.Release|Win32.ActiveCfg = Release|Win32
		{9CD8593B-833A-48EC-B60F-7DAB7162847C}.Release|Win32.Build.0 = Release|Win32
		{9CD8593B-833A-48EC-B60F-7DAB7162847C}.Release|x64.ActiveCfg = Release|Win32
		{9CD8593B-833A-48EC-B60F-7DAB7162847C}.Release|x86.ActiveCfg = Release|Win32
		{9CD8593B-833A-48EC-B60F-7DAB7162847C}.Release|x86.Build.0 = Release|Win32
		{9CD8593B-833A-48EC-B60F-7DAB7162847C}.Unicode Debug|Any CPU.ActiveCfg = Debug|Win32
		{9CD8593B-833A-48EC-B60F-7DAB7162847C}.Unicode Debug|Mixed Platforms.ActiveCfg = Debug|Win32
		{9CD8593B-833A-48EC-B60F-7DAB7162847C}.Unicode Debug|Mixed Platforms.Build.0 = Debug|Win32
		{9CD8593B-833A-48EC-B60F-7DAB7162847C}.Unicode Debug|Win32.ActiveCfg = Debug|Win32
		{9CD8593B-833A-48EC-B60F-7DAB7162847C}.Unicode Debug|Win32.Build.0 = Debug|Win32
		{9CD8593B-833A-48EC-B60F-7DAB7162847C}.Unicode Debug|x64.ActiveCfg = Debug|Win32
		{9CD8593B-833A-48EC-B60F-7DAB7162847C}.Unicode Debug|x86.ActiveCfg = Debug|Win32
		{9CD8593B-833A-48EC-B60F-7DAB7162847C}.Unicode Debug|x86.Build.0 = Debug|Win32
		{9CD8593B-833A-48EC-B60F-7DAB7162847C}.Unicode Realeas|Any CPU.ActiveCfg = Release|Win32
		{9CD8593B-833A-48EC-B60F-7DAB7162847C}.Unicode Realeas|Mixed Platforms.ActiveCfg = Release|Win32
		{9CD8593B-833A-48EC-B60F-7DAB7162847C}.Unicode Realeas|Mixed Platforms.Build.0 = Release|Win32
		{9CD8593B-833A-48EC-B60F-7DAB7162847C}.Unicode Realeas|Win32.ActiveCfg = Release|Win32
		{9CD8593B-833A-48EC-B60F-7DAB7162847C}.Unicode Realeas|Win32.Build.0 = Release|Win32
		{9CD8593B-833A-48EC-B60F-7DAB7162847C}.Unicode Realeas|x64.ActiveCfg = Release|Win32
		{9CD8593B-833A-48EC-B60F-7DAB7162847C}.Unicode Realeas|x86.ActiveCfg = Release|Win32
		{9CD8593B-833A-48EC-B60F-7DAB7162847C}.Unicode Realeas|x86.Build.0 = Release|Win32
		{1658EB2F-8E9F-4D28-85AC-633F0F4C82D4}.ANSI Debug|Any CPU.ActiveCfg = Debug|Win32
		{1658EB2F-8E9F-4D28-85AC-633F0F4C82D4}.ANSI Debug|Mixed Platforms.ActiveCfg = Debug|Win32
		{1658EB2F-8E9F-4D28-85AC-633F0F4C82D4}.ANSI Debug|Mixed Platforms.Build.0 = Debug|Win32
		{1658EB2F-8E9F-4D28-85AC-633F0F4C82D4}.ANSI Debug|Win32.ActiveCfg = Debug|Win32
		{1658EB2F-8E9F-4D28-85AC-633F0F4C82D4}.ANSI Debug|Win32.Build.0 = Debug|Win32
		{1658EB2F-8E9F-4D28-85AC-633F0F4C82D4}.ANSI Debug|x64.ActiveCfg = Debug|Win32
		{1658EB2F-8E9F-4D28-85AC-633F0F4C82D4}.ANSI Debug|x86.ActiveCfg = Debug|Win32
		{1658EB2F-8E9F-4D28-85AC-633F0F4C82D4}.ANSI Debug|x86.Build.0 = Debug|Win32
		{1658EB2F-8E9F-4D28-85AC-633F0F4C82D4}.ANSI Release|Any CPU.ActiveCfg = Release|Win32
		{1658EB2F-8E9F-4D28-85AC-633F0F4C82D4}.ANSI Release|Mixed Platforms.ActiveCfg = Release|Win32
		{1658EB2F-8E9F-4D28-85AC-633F0F4C82D4}.ANSI Release|Mixed Platforms.Build.0 = Release|Win32
		{1658EB2F-8E9F-4D28-85AC-633F0F4C82D4}.ANSI Release|Win32.ActiveCfg = Release|Win32
		{1658EB2F-8E9F-4D28-85AC-633F0F4C82D4}.ANSI Release|Win32.Build.0 = Release|Win32
		{1658EB2F-8E9F-4D28-85AC-633F0F4C82D4}.ANSI Release|x64.ActiveCfg = Release|Win32
		{1658EB2F-8E9F-4D28-85AC-633F0F4C82D4}.ANSI Release|x86.ActiveCfg = Release|Win32
		{1658EB2F-8E9F-4D28-85AC-633F0F4C82D4}.ANSI Release|x86.Build.0 = Release|Win32
		{1658EB2F-8E9F-4D28-85AC-633F0F4C82D4}.Debug|Any CPU.ActiveCfg = Debug|Win32
		{1658EB2F-8E9F-4D28-85AC-633F0F4C82D4}.Debug|Mixed Platforms.ActiveCfg = Debug|Win32
		{1658EB2F-8E9F-4D28-85AC-633F0F4C82D4}.Debug|Mixed Platforms.Build.0 = Debug|Win32
		{1658EB2F-8E9F-4D28-85AC-633F0F4C82D4}.Debug|Win32.ActiveCfg = Debug|Win32
		{1658EB2F-8E9F-4D28-85AC-633F0F4C82D4}.Debug|Win32.Build.0 = Debug|Win32
		{1658EB2F-8E9F-4D28-85AC-633F0F4C82D4}.Debug|x64.ActiveCfg = Debug|Win32
		{1658EB2F-8E9F-4D28-85AC-633F0F4C82D4}.Debug|x86.ActiveCfg = Debug|Win32
		{1658EB2F-8E9F-4D28-85AC-633F0F4C82D4}.Debug|x86.Build.0 = Debug|Win32
		{1658EB2F-8E9F-4D28-85AC-633F0F4C82D4}.Release|Any CPU.ActiveCfg = Release|Win32
		{1658EB2F-8E9F-4D28-85AC-633F0F4C82D4}.Release|Mixed Platforms.ActiveCfg = Release|Win32
		{1658EB2F-8E9F-4D28-85AC-633F0F4C82D4}.Release|Mixed Platforms.Build.0 = Release|Win32
		{1658EB2F-8E9F-4D28-85AC-633F0F4C82D4}.Release|Win32.ActiveCfg = Release|Win32
		{1658EB2F-8E9F-4D28-85AC-633F0F4C82D4}.Release|Win32.Build.0 = Release|Win32
		{1658EB2F-8E9F-4D28-85AC-633F0F4C82D4}.Release|x64.ActiveCfg = Release|Win32
		{1658EB2F-8E9F-4D28-85AC-633F0F4C82D4}.Release|x86.ActiveCfg = Release|Win32
		{1658EB2F-8E9F-4D28-85AC-633F0F4C82D4}.Release|x86.Build.0 = Release|Win32
		{1658EB2F-8E9F-4D28-85AC-633F0F4C82D4}.Unicode Debug|Any CPU.ActiveCfg = Debug|Win32
		{1658EB2F-8E9F-4D28-85AC-633F0F4C82D4}.Unicode Debug|Mixed Platforms.ActiveCfg = Debug|Win32
		{1658EB2F-8E9F-4D28-85AC-633F0F4C82D4}.Unicode Debug|Mixed Platforms.Build.0 = Debug|Win32
		{1658EB2F-8E9F-4D28-85AC-633F0F4C82D4}.Unicode Debug|Win32.ActiveCfg = Debug|Win32
		{1658EB2F-8E9F-4D28-85AC-633F0F4C82D4}.Unicode Debug|Win32.Build.0 = Debug|Win32
		{1658EB2F-8E9F-4D28-85AC-633F0F4C82D4}.Unicode Debug|x64.ActiveCfg = Debug|Win32
		{1658EB2F-8E9F-4D28-85AC-633F0F4C82D4}.Unicode Debug|x86.ActiveCfg = Debug|Win32
		{1658EB2F-8E9F-4D28-85AC-633F0F4C82D4}.Unicode Debug|x86.Build.0 = Debug|Win32
		{1658EB2F-8E9F-4D28-85AC-633F0F4C82D4}.Unicode Realeas|Any CPU.ActiveCfg = Release|Win32
		{1658EB2F-8E9F-4D28-85AC-633F0F4C82D4}.Unicode Realeas|Mixed Platforms.ActiveCfg = Release|Win32
		{1658EB2F-8E9F-4D28-85AC-633F0F4C82D4}.Unicode Realeas|Mixed Platforms.Build.0 = Release|Win32
		{1658EB2F-8E9F-4D28-85AC-633F0F4C82D4}.Unicode Realeas|Win32.ActiveCfg = Release|Win32
		{1658EB2F-8E9F-4D28-85AC-633F0F4C82D4}.Unicode Realeas|Win32.Build.0 = Release|Win32
		{1658EB2F-8E9F-4D28-85AC-633F0F4C82D4}.Unicode Realeas|x64.ActiveCfg = Release|Win32
		{1658EB2F-8E9F-4D28-85AC-633F0F4C82D4}.Unicode Realeas|x86.ActiveCfg = Release|Win32
		{1658EB2F-8E9F-4D28-85AC-633F0F4C82D4}.Unicode Realeas|x86.Build.0 = Release|Win32
		{1590D7CD-7D3A-4AB7-A355-EE02F7FB987D}.ANSI Debug|Any CPU.ActiveCfg = ANSI Debug|Win32
		{1590D7CD-7D3A-4AB7-A355-EE02F7FB987D}.ANSI Debug|Mixed Platforms.ActiveCfg = ANSI Debug|Win32
		{1590D7CD-7D3A-4AB7-A355-EE02F7FB987D}.ANSI Debug|Mixed Platforms.Build.0 = ANSI Debug|Win32
		{1590D7CD-7D3A-4AB7-A355-EE02F7FB987D}.ANSI Debug|Win32.ActiveCfg = ANSI Debug|Win32
		{1590D7CD-7D3A-4AB7-A355-EE02F7FB987D}.ANSI Debug|Win32.Build.0 = ANSI Debug|Win32
		{1590D7CD-7D3A-4AB7-A355-EE02F7FB987D}.ANSI Debug|x64.ActiveCfg = ANSI Debug|Win32
		{1590D7CD-7D3A-4AB7-A355-EE02F7FB987D}.ANSI Debug|x86.ActiveCfg = ANSI Debug|Win32
		{1590D7CD-7D3A-4AB7-A355-EE02F7FB987D}.ANSI Debug|x86.Build.0 = ANSI Debug|Win32
		{1590D7CD-7D3A-4AB7-A355-EE02F7FB987D}.ANSI Release|Any CPU.ActiveCfg = ANSI Release|Win32
		{1590D7CD-7D3A-4AB7-A355-EE02F7FB987D}.ANSI Release|Mixed Platforms.ActiveCfg = ANSI Release|Win32
		{1590D7CD-7D3A-4AB7-A355-EE02F7FB987D}.ANSI Release|Mixed Platforms.Build.0 = ANSI Release|Win32
		{1590D7CD-7D3A-4AB7-A355-EE02F7FB987D}.ANSI Release|Win32.ActiveCfg = ANSI Release|Win32
		{1590D7CD-7D3A-4AB7-A355-EE02F7FB987D}.ANSI Release|Win32.Build.0 = ANSI Release|Win32
		{1590D7CD-7D3A-4AB7-A355-EE02F7FB987D}.ANSI Release|x64.ActiveCfg = ANSI Release|Win32
		{1590D7CD-7D3A-4AB7-A355-EE02F7FB987D}.ANSI Release|x86.ActiveCfg = ANSI Release|Win32
		{1590D7CD-7D3A-4AB7-A355-EE02F7FB987D}.ANSI Release|x86.Build.0 = ANSI Release|Win32
		{1590D7CD-7D3A-4AB7-A355-EE02F7FB987D}.Debug|Any CPU.ActiveCfg = ANSI Debug|Win32
		{1590D7CD-7D3A-4AB7-A355-EE02F7FB987D}.Debug|Mixed Platforms.ActiveCfg = ANSI Debug|Win32
		{1590D7CD-7D3A-4AB7-A355-EE02F7FB987D}.Debug|Mixed Platforms.Build.0 = ANSI Debug|Win32
		{1590D7CD-7D3A-4AB7-A355-EE02F7FB987D}.Debug|Win32.ActiveCfg = ANSI Debug|Win32
		{1590D7CD-7D3A-4AB7-A355-EE02F7FB987D}.Debug|Win32.Build.0 = ANSI Debug|Win32
		{1590D7CD-7D3A-4AB7-A355-EE02F7FB987D}.Debug|x64.ActiveCfg = ANSI Debug|Win32
		{1590D7CD-7D3A-4AB7-A355-EE02F7FB987D}.Debug|x86.ActiveCfg = ANSI Debug|Win32
		{1590D7CD-7D3A-4AB7-A355-EE02F7FB987D}.Debug|x86.Build.0 = ANSI Debug|Win32
		{1590D7CD-7D3A-4AB7-A355-EE02F7FB987D}.Release|Any CPU.ActiveCfg = ANSI Release|Win32
		{1590D7CD-7D3A-4AB7-A355-EE02F7FB987D}.Release|Mixed Platforms.ActiveCfg = ANSI Release|Win32
		{1590D7CD-7D3A-4AB7-A355-EE02F7FB987D}.Release|Mixed Platforms.Build.0 = ANSI Release|Win32
		{1590D7CD-7D3A-4AB7-A355-EE02F7FB987D}.Release|Win32.ActiveCfg = ANSI Release|Win32
		{1590D7CD-7D3A-4AB7-A355-EE02F7FB987D}.Release|Win32.Build.0 = ANSI Release|Win32
		{1590D7CD-7D3A-4AB7-A355-EE02F7FB987D}.Release|x64.ActiveCfg = ANSI Release|Win32
		{1590D7CD-7D3A-4AB7-A355-EE02F7FB987D}.Release|x86.ActiveCfg = ANSI Release|Win32
		{1590D7CD-7D3A-4AB7-A355-EE02F7FB987D}.Release|x86.Build.0 = ANSI Release|Win32
		{1590D7CD-7D3A-4AB7-A355-EE02F7FB987D}.Unicode Debug|Any CPU.ActiveCfg = Unicode Debug|Win32
		{1590D7CD-7D3A-4AB7-A355-EE02F7FB987D}.Unicode Debug|Mixed Platforms.ActiveCfg = Unicode Debug|Win32
		{1590D7CD-7D3A-4AB7-A355-EE02F7FB987D}.Unicode Debug|Mixed Platforms.Build.0 = Unicode Debug|Win32
		{1590D7CD-7D3A-4AB7-A355-EE02F7FB987D}.Unicode Debug|Win32.ActiveCfg = Unicode Debug|Win32
		{1590D7CD-7D3A-4AB7-A355-EE02F7FB987D}.Unicode Debug|Win32.Build.0 = Unicode Debug|Win32
		{1590D7CD-7D3A-4AB7-A355-EE02F7FB987D}.Unicode Debug|x64.ActiveCfg = Unicode Debug|Win32
		{1590D7CD-7D3A-4AB7-A355-EE02F7FB987D}.Unicode Debug|x86.ActiveCfg = Unicode Debug|Win32
		{1590D7CD-7D3A-4AB7-A355-EE02F7FB987D}.Unicode Debug|x86.Build.0 = Unicode Debug|Win32
		{1590D7CD-7D3A-4AB7-A355-EE02F7FB987D}.Unicode Realeas|Any CPU.ActiveCfg = Unicode Realeas|Win32
		{1590D7CD-7D3A-4AB7-A355-EE02F7FB987D}.Unicode Realeas|Mixed Platforms.ActiveCfg = Unicode Realeas|Win32
		{1590D7CD-7D3A-4AB7-A355-EE02F7FB987D}.Unicode Realeas|Mixed Platforms.Build.0 = Unicode Realeas|Win32
		{1590D7CD-7D3A-4AB7-A355-EE02F7FB987D}.Unicode Realeas|Win32.ActiveCfg = Unicode Realeas|Win32
		{1590D7CD-7D3A-4AB7-A355-EE02F7FB987D}.Unicode Realeas|Win32.Build.0 = Unicode Realeas|Win32
		{1590D7CD-7D3A-4AB7-A355-EE02F7FB987D}.Unicode Realeas|x64.ActiveCfg = Unicode Realeas|Win32
		{1590D7CD-7D3A-4AB7-A355-EE02F7FB987D}.Unicode Realeas|x86.ActiveCfg = Unicode Realeas|Win32
		{1590D7CD-7D3A-4AB7-A355-EE02F7FB987D}.Unicode Realeas|x86.Build.0 = Unicode Realeas|Win32
	EndGlobalSection
	GlobalSection(SolutionProperties) = preSolution
		HideSolutionNode = FALSE
	EndGlobalSection
	GlobalSection(NestedProjects) = preSolution
		{47D2C46F-47C4-4D8E-B23A-0C21FE4C1548} = {D83A93E1-41F7-4B03-8C19-13602E6A634C}
		{75D00885-1CFE-4989-8081-83B8C22302A5} = {D83A93E1-41F7-4B03-8C19-13602E6A634C}
		{091E6A53-F3EE-4EE7-B867-BA14DEB79D2C} = {D83A93E1-41F7-4B03-8C19-13602E6A634C}
		{4799DD15-8382-4066-94FA-1CEB0156DB1D} = {D83A93E1-41F7-4B03-8C19-13602E6A634C}
		{C406DAEC-0886-4771-8DEA-9D7329B46CC1} = {47D2C46F-47C4-4D8E-B23A-0C21FE4C1548}
		{9CD8593B-833A-48EC-B60F-7DAB7162847C} = {75D00885-1CFE-4989-8081-83B8C22302A5}
		{1658EB2F-8E9F-4D28-85AC-633F0F4C82D4} = {75D00885-1CFE-4989-8081-83B8C22302A5}
		{B691AD81-2EE3-4DEE-A762-50A15884C8D6} = {4BF0226C-9553-4B6F-9658-CF58A905637A}
		{D5D6CE55-7332-491A-AD1A-E9941BC05F17} = {5DB59C89-67AD-479B-9363-6CC6C3CD148E}
		{ADBEA4B1-FF4D-490D-8E19-4BD0907D3680} = {5DB59C89-67AD-479B-9363-6CC6C3CD148E}
		{CBC4F1C3-1136-48F2-95A6-FC9725FBF6F1} = {5DB59C89-67AD-479B-9363-6CC6C3CD148E}
		{6598A7CD-8F27-4D3F-A675-5AE63113A7C3} = {091E6A53-F3EE-4EE7-B867-BA14DEB79D2C}
		{1590D7CD-7D3A-4AB7-A355-EE02F7FB987D} = {4799DD15-8382-4066-94FA-1CEB0156DB1D}
	EndGlobalSection
EndGlobal
