
Microsoft Visual Studio Solution File, Format Version 12.00
# Visual Studio 2012
Project("{8BC9CEB8-8B4A-11D0-8D11-00A0C91BC942}") = "Monstone", "Monstone.vcxproj", "{1CAF466B-BF9B-42F9-935C-E2DF3B885C2A}"
EndProject
Global
	GlobalSection(SolutionConfigurationPlatforms) = preSolution
		Debug|Android = Debug|Android
		Debug|Win32 = Debug|Win32
		Release|Android = Release|Android
		Release|Win32 = Release|Win32
	EndGlobalSection
	GlobalSection(ProjectConfigurationPlatforms) = postSolution
		{1CAF466B-BF9B-42F9-935C-E2DF3B885C2A}.Debug|Android.ActiveCfg = Debug|Android
		{1CAF466B-BF9B-42F9-935C-E2DF3B885C2A}.Debug|Android.Build.0 = Debug|Android
		{1CAF466B-BF9B-42F9-935C-E2DF3B885C2A}.Debug|Win32.ActiveCfg = Debug|Win32
		{1CAF466B-BF9B-42F9-935C-E2DF3B885C2A}.Debug|Win32.Build.0 = Debug|Win32
		{1CAF466B-BF9B-42F9-935C-E2DF3B885C2A}.Release|Android.ActiveCfg = Release|Android
		{1CAF466B-BF9B-42F9-935C-E2DF3B885C2A}.Release|Android.Build.0 = Release|Android
		{1CAF466B-BF9B-42F9-935C-E2DF3B885C2A}.Release|Win32.ActiveCfg = Release|Win32
		{1CAF466B-BF9B-42F9-935C-E2DF3B885C2A}.Release|Win32.Build.0 = Release|Win32
	EndGlobalSection
	GlobalSection(SolutionProperties) = preSolution
		HideSolutionNode = FALSE
	EndGlobalSection
EndGlobal
